// !$*UTF8*$!
{
	archiveVersion = 1;
	classes = {
	};
	objectVersion = 56;
	objects = {

/* Begin PBXBuildFile section */
		5C0C0BD52AE24D6D00EAD90B /* FeedAPIInput.swift in Sources */ = {isa = PBXBuildFile; fileRef = 5C0C0BD42AE24D6D00EAD90B /* FeedAPIInput.swift */; };
		5C0C0BD72AE24DC600EAD90B /* FeedModel.swift in Sources */ = {isa = PBXBuildFile; fileRef = 5C0C0BD62AE24DC600EAD90B /* FeedModel.swift */; };
		5C0C0BD92AE24E0600EAD90B /* FeedDataManager.swift in Sources */ = {isa = PBXBuildFile; fileRef = 5C0C0BD82AE24E0600EAD90B /* FeedDataManager.swift */; };
		5C11A48A2ACEB95B0059E5A2 /* UIView+Extension.swift in Sources */ = {isa = PBXBuildFile; fileRef = 5C11A4892ACEB95B0059E5A2 /* UIView+Extension.swift */; };
		5C11A48C2ACEBBD60059E5A2 /* UIViewController+Extension.swift in Sources */ = {isa = PBXBuildFile; fileRef = 5C11A48B2ACEBBD60059E5A2 /* UIViewController+Extension.swift */; };
		5C1382AA2ADD05DB0093EB5F /* ProfileViewController.swift in Sources */ = {isa = PBXBuildFile; fileRef = 5C1382A92ADD05DB0093EB5F /* ProfileViewController.swift */; };
		5C1382AE2ADD08070093EB5F /* ProfileCollectionViewCell.swift in Sources */ = {isa = PBXBuildFile; fileRef = 5C1382AC2ADD08070093EB5F /* ProfileCollectionViewCell.swift */; };
		5C1382AF2ADD08070093EB5F /* ProfileCollectionViewCell.xib in Resources */ = {isa = PBXBuildFile; fileRef = 5C1382AD2ADD08070093EB5F /* ProfileCollectionViewCell.xib */; };
		5C1382B42ADD150E0093EB5F /* PostCollectionViewCell.swift in Sources */ = {isa = PBXBuildFile; fileRef = 5C1382B22ADD150E0093EB5F /* PostCollectionViewCell.swift */; };
		5C1382B52ADD150E0093EB5F /* PostCollectionViewCell.xib in Resources */ = {isa = PBXBuildFile; fileRef = 5C1382B32ADD150E0093EB5F /* PostCollectionViewCell.xib */; };
		5C8EE0792ACD3B4D007AA3C1 /* AppDelegate.swift in Sources */ = {isa = PBXBuildFile; fileRef = 5C8EE0782ACD3B4D007AA3C1 /* AppDelegate.swift */; };
		5C8EE07B2ACD3B4D007AA3C1 /* SceneDelegate.swift in Sources */ = {isa = PBXBuildFile; fileRef = 5C8EE07A2ACD3B4D007AA3C1 /* SceneDelegate.swift */; };
		5C8EE0802ACD3B4D007AA3C1 /* Main.storyboard in Resources */ = {isa = PBXBuildFile; fileRef = 5C8EE07E2ACD3B4D007AA3C1 /* Main.storyboard */; };
		5C8EE0822ACD3B4D007AA3C1 /* Assets.xcassets in Resources */ = {isa = PBXBuildFile; fileRef = 5C8EE0812ACD3B4D007AA3C1 /* Assets.xcassets */; };
		5C8EE0852ACD3B4D007AA3C1 /* LaunchScreen.storyboard in Resources */ = {isa = PBXBuildFile; fileRef = 5C8EE0832ACD3B4D007AA3C1 /* LaunchScreen.storyboard */; };
		5C8EE08D2ACD42F7007AA3C1 /* LoginViewController.swift in Sources */ = {isa = PBXBuildFile; fileRef = 5C8EE08C2ACD42F7007AA3C1 /* LoginViewController.swift */; };
		5C8EE08F2ACD45D6007AA3C1 /* RegisterViewController.swift in Sources */ = {isa = PBXBuildFile; fileRef = 5C8EE08E2ACD45D6007AA3C1 /* RegisterViewController.swift */; };
		5CA129BC2AD1A13E00F380C0 /* UserInfo.swift in Sources */ = {isa = PBXBuildFile; fileRef = 5CA129BB2AD1A13E00F380C0 /* UserInfo.swift */; };
		5CA7E37F2AD53D0700AEAC6A /* HomeViewController.swift in Sources */ = {isa = PBXBuildFile; fileRef = 5CA7E37E2AD53D0700AEAC6A /* HomeViewController.swift */; };
		5CA7E3822AD53FA000AEAC6A /* FeedTableViewCell.swift in Sources */ = {isa = PBXBuildFile; fileRef = 5CA7E3802AD53FA000AEAC6A /* FeedTableViewCell.swift */; };
		5CA7E3832AD53FA000AEAC6A /* FeedTableViewCell.xib in Resources */ = {isa = PBXBuildFile; fileRef = 5CA7E3812AD53FA000AEAC6A /* FeedTableViewCell.xib */; };
		5CC319752AD7B55E008A5F62 /* StoryTableViewCell.swift in Sources */ = {isa = PBXBuildFile; fileRef = 5CC319732AD7B55E008A5F62 /* StoryTableViewCell.swift */; };
		5CC319762AD7B55E008A5F62 /* StoryTableViewCell.xib in Resources */ = {isa = PBXBuildFile; fileRef = 5CC319742AD7B55E008A5F62 /* StoryTableViewCell.xib */; };
		5CC319792AD7B89D008A5F62 /* StoryCollectionViewCell.swift in Sources */ = {isa = PBXBuildFile; fileRef = 5CC319772AD7B89D008A5F62 /* StoryCollectionViewCell.swift */; };
		5CC3197A2AD7B89D008A5F62 /* StoryCollectionViewCell.xib in Resources */ = {isa = PBXBuildFile; fileRef = 5CC319782AD7B89D008A5F62 /* StoryCollectionViewCell.xib */; };
		5CC8D8052AE25E5400342B15 /* FeedUploadInput.swift in Sources */ = {isa = PBXBuildFile; fileRef = 5CC8D8042AE25E5400342B15 /* FeedUploadInput.swift */; };
		5CC8D8072AE25E9600342B15 /* FeedUploadModel.swift in Sources */ = {isa = PBXBuildFile; fileRef = 5CC8D8062AE25E9600342B15 /* FeedUploadModel.swift */; };
		5CC8D8092AE25F0600342B15 /* FeedUploadDataManager.swift in Sources */ = {isa = PBXBuildFile; fileRef = 5CC8D8082AE25F0600342B15 /* FeedUploadDataManager.swift */; };
		5CF43D092AEA3578004034AF /* UserFeedModel.swift in Sources */ = {isa = PBXBuildFile; fileRef = 5CF43D082AEA3578004034AF /* UserFeedModel.swift */; };
		5CF43D0B2AEA3C3F004034AF /* UserFeedDataManager.swift in Sources */ = {isa = PBXBuildFile; fileRef = 5CF43D0A2AEA3C3F004034AF /* UserFeedDataManager.swift */; };
		5CF43D102AEB97F6004034AF /* DeleteUserFeed.swift in Sources */ = {isa = PBXBuildFile; fileRef = 5CF43D0F2AEB97F6004034AF /* DeleteUserFeed.swift */; };
		5CF43D122AEB9C8B004034AF /* ReelsViewController.swift in Sources */ = {isa = PBXBuildFile; fileRef = 5CF43D112AEB9C8B004034AF /* ReelsViewController.swift */; };
		5CF43D152AEB9D16004034AF /* ReelsCollectionViewCell.swift in Sources */ = {isa = PBXBuildFile; fileRef = 5CF43D132AEB9D16004034AF /* ReelsCollectionViewCell.swift */; };
		5CF43D162AEB9D16004034AF /* ReelsCollectionViewCell.xib in Resources */ = {isa = PBXBuildFile; fileRef = 5CF43D142AEB9D16004034AF /* ReelsCollectionViewCell.xib */; };
		5CF43D1A2AEE1ACB004034AF /* ReelsCell.swift in Sources */ = {isa = PBXBuildFile; fileRef = 5CF43D192AEE1ACB004034AF /* ReelsCell.swift */; };
		5CF43D1C2AEE1D46004034AF /* VideoPlayerView.swift in Sources */ = {isa = PBXBuildFile; fileRef = 5CF43D1B2AEE1D46004034AF /* VideoPlayerView.swift */; };
		EA43D9BE5088B2E1109F4609 /* Pods_StargramClone.framework in Frameworks */ = {isa = PBXBuildFile; fileRef = 279760FD54AB3185FF64586F /* Pods_StargramClone.framework */; };
/* End PBXBuildFile section */

/* Begin PBXFileReference section */
		279760FD54AB3185FF64586F /* Pods_StargramClone.framework */ = {isa = PBXFileReference; explicitFileType = wrapper.framework; includeInIndex = 0; path = Pods_StargramClone.framework; sourceTree = BUILT_PRODUCTS_DIR; };
		5C0C0BD42AE24D6D00EAD90B /* FeedAPIInput.swift */ = {isa = PBXFileReference; lastKnownFileType = sourcecode.swift; path = FeedAPIInput.swift; sourceTree = "<group>"; };
		5C0C0BD62AE24DC600EAD90B /* FeedModel.swift */ = {isa = PBXFileReference; lastKnownFileType = sourcecode.swift; path = FeedModel.swift; sourceTree = "<group>"; };
		5C0C0BD82AE24E0600EAD90B /* FeedDataManager.swift */ = {isa = PBXFileReference; lastKnownFileType = sourcecode.swift; path = FeedDataManager.swift; sourceTree = "<group>"; };
		5C11A4892ACEB95B0059E5A2 /* UIView+Extension.swift */ = {isa = PBXFileReference; lastKnownFileType = sourcecode.swift; path = "UIView+Extension.swift"; sourceTree = "<group>"; };
		5C11A48B2ACEBBD60059E5A2 /* UIViewController+Extension.swift */ = {isa = PBXFileReference; lastKnownFileType = sourcecode.swift; path = "UIViewController+Extension.swift"; sourceTree = "<group>"; };
		5C1382A92ADD05DB0093EB5F /* ProfileViewController.swift */ = {isa = PBXFileReference; lastKnownFileType = sourcecode.swift; path = ProfileViewController.swift; sourceTree = "<group>"; };
		5C1382AC2ADD08070093EB5F /* ProfileCollectionViewCell.swift */ = {isa = PBXFileReference; lastKnownFileType = sourcecode.swift; path = ProfileCollectionViewCell.swift; sourceTree = "<group>"; };
		5C1382AD2ADD08070093EB5F /* ProfileCollectionViewCell.xib */ = {isa = PBXFileReference; lastKnownFileType = file.xib; path = ProfileCollectionViewCell.xib; sourceTree = "<group>"; };
		5C1382B22ADD150E0093EB5F /* PostCollectionViewCell.swift */ = {isa = PBXFileReference; lastKnownFileType = sourcecode.swift; path = PostCollectionViewCell.swift; sourceTree = "<group>"; };
		5C1382B32ADD150E0093EB5F /* PostCollectionViewCell.xib */ = {isa = PBXFileReference; lastKnownFileType = file.xib; path = PostCollectionViewCell.xib; sourceTree = "<group>"; };
		5C8EE0752ACD3B4D007AA3C1 /* StargramClone.app */ = {isa = PBXFileReference; explicitFileType = wrapper.application; includeInIndex = 0; path = StargramClone.app; sourceTree = BUILT_PRODUCTS_DIR; };
		5C8EE0782ACD3B4D007AA3C1 /* AppDelegate.swift */ = {isa = PBXFileReference; lastKnownFileType = sourcecode.swift; path = AppDelegate.swift; sourceTree = "<group>"; };
		5C8EE07A2ACD3B4D007AA3C1 /* SceneDelegate.swift */ = {isa = PBXFileReference; lastKnownFileType = sourcecode.swift; path = SceneDelegate.swift; sourceTree = "<group>"; };
		5C8EE07F2ACD3B4D007AA3C1 /* Base */ = {isa = PBXFileReference; lastKnownFileType = file.storyboard; name = Base; path = Base.lproj/Main.storyboard; sourceTree = "<group>"; };
		5C8EE0812ACD3B4D007AA3C1 /* Assets.xcassets */ = {isa = PBXFileReference; lastKnownFileType = folder.assetcatalog; path = Assets.xcassets; sourceTree = "<group>"; };
		5C8EE0842ACD3B4D007AA3C1 /* Base */ = {isa = PBXFileReference; lastKnownFileType = file.storyboard; name = Base; path = Base.lproj/LaunchScreen.storyboard; sourceTree = "<group>"; };
		5C8EE0862ACD3B4D007AA3C1 /* Info.plist */ = {isa = PBXFileReference; lastKnownFileType = text.plist.xml; path = Info.plist; sourceTree = "<group>"; };
		5C8EE08C2ACD42F7007AA3C1 /* LoginViewController.swift */ = {isa = PBXFileReference; lastKnownFileType = sourcecode.swift; path = LoginViewController.swift; sourceTree = "<group>"; };
		5C8EE08E2ACD45D6007AA3C1 /* RegisterViewController.swift */ = {isa = PBXFileReference; lastKnownFileType = sourcecode.swift; path = RegisterViewController.swift; sourceTree = "<group>"; };
		5CA129BB2AD1A13E00F380C0 /* UserInfo.swift */ = {isa = PBXFileReference; lastKnownFileType = sourcecode.swift; path = UserInfo.swift; sourceTree = "<group>"; };
		5CA7E37E2AD53D0700AEAC6A /* HomeViewController.swift */ = {isa = PBXFileReference; lastKnownFileType = sourcecode.swift; path = HomeViewController.swift; sourceTree = "<group>"; };
		5CA7E3802AD53FA000AEAC6A /* FeedTableViewCell.swift */ = {isa = PBXFileReference; lastKnownFileType = sourcecode.swift; path = FeedTableViewCell.swift; sourceTree = "<group>"; };
		5CA7E3812AD53FA000AEAC6A /* FeedTableViewCell.xib */ = {isa = PBXFileReference; lastKnownFileType = file.xib; path = FeedTableViewCell.xib; sourceTree = "<group>"; };
		5CC319732AD7B55E008A5F62 /* StoryTableViewCell.swift */ = {isa = PBXFileReference; lastKnownFileType = sourcecode.swift; path = StoryTableViewCell.swift; sourceTree = "<group>"; };
		5CC319742AD7B55E008A5F62 /* StoryTableViewCell.xib */ = {isa = PBXFileReference; lastKnownFileType = file.xib; path = StoryTableViewCell.xib; sourceTree = "<group>"; };
		5CC319772AD7B89D008A5F62 /* StoryCollectionViewCell.swift */ = {isa = PBXFileReference; lastKnownFileType = sourcecode.swift; path = StoryCollectionViewCell.swift; sourceTree = "<group>"; };
		5CC319782AD7B89D008A5F62 /* StoryCollectionViewCell.xib */ = {isa = PBXFileReference; lastKnownFileType = file.xib; path = StoryCollectionViewCell.xib; sourceTree = "<group>"; };
		5CC8D8042AE25E5400342B15 /* FeedUploadInput.swift */ = {isa = PBXFileReference; lastKnownFileType = sourcecode.swift; path = FeedUploadInput.swift; sourceTree = "<group>"; };
		5CC8D8062AE25E9600342B15 /* FeedUploadModel.swift */ = {isa = PBXFileReference; lastKnownFileType = sourcecode.swift; path = FeedUploadModel.swift; sourceTree = "<group>"; };
		5CC8D8082AE25F0600342B15 /* FeedUploadDataManager.swift */ = {isa = PBXFileReference; lastKnownFileType = sourcecode.swift; path = FeedUploadDataManager.swift; sourceTree = "<group>"; };
		5CF43D082AEA3578004034AF /* UserFeedModel.swift */ = {isa = PBXFileReference; lastKnownFileType = sourcecode.swift; path = UserFeedModel.swift; sourceTree = "<group>"; };
		5CF43D0A2AEA3C3F004034AF /* UserFeedDataManager.swift */ = {isa = PBXFileReference; lastKnownFileType = sourcecode.swift; path = UserFeedDataManager.swift; sourceTree = "<group>"; };
		5CF43D0F2AEB97F6004034AF /* DeleteUserFeed.swift */ = {isa = PBXFileReference; lastKnownFileType = sourcecode.swift; path = DeleteUserFeed.swift; sourceTree = "<group>"; };
		5CF43D112AEB9C8B004034AF /* ReelsViewController.swift */ = {isa = PBXFileReference; lastKnownFileType = sourcecode.swift; path = ReelsViewController.swift; sourceTree = "<group>"; };
		5CF43D132AEB9D16004034AF /* ReelsCollectionViewCell.swift */ = {isa = PBXFileReference; lastKnownFileType = sourcecode.swift; path = ReelsCollectionViewCell.swift; sourceTree = "<group>"; };
		5CF43D142AEB9D16004034AF /* ReelsCollectionViewCell.xib */ = {isa = PBXFileReference; lastKnownFileType = file.xib; path = ReelsCollectionViewCell.xib; sourceTree = "<group>"; };
		5CF43D172AEBA12A004034AF /* dummyVideo.mp4 */ = {isa = PBXFileReference; lastKnownFileType = file; path = dummyVideo.mp4; sourceTree = "<group>"; };
		5CF43D182AEBA135004034AF /* dummyVideo02.mp4 */ = {isa = PBXFileReference; lastKnownFileType = file; path = dummyVideo02.mp4; sourceTree = "<group>"; };
		5CF43D192AEE1ACB004034AF /* ReelsCell.swift */ = {isa = PBXFileReference; lastKnownFileType = sourcecode.swift; path = ReelsCell.swift; sourceTree = "<group>"; };
		5CF43D1B2AEE1D46004034AF /* VideoPlayerView.swift */ = {isa = PBXFileReference; lastKnownFileType = sourcecode.swift; path = VideoPlayerView.swift; sourceTree = "<group>"; };
		9D81AF48D1AE545FA35F7FBE /* Pods-StargramClone.debug.xcconfig */ = {isa = PBXFileReference; includeInIndex = 1; lastKnownFileType = text.xcconfig; name = "Pods-StargramClone.debug.xcconfig"; path = "Target Support Files/Pods-StargramClone/Pods-StargramClone.debug.xcconfig"; sourceTree = "<group>"; };
		E44CA64874CFDB4435276833 /* Pods-StargramClone.release.xcconfig */ = {isa = PBXFileReference; includeInIndex = 1; lastKnownFileType = text.xcconfig; name = "Pods-StargramClone.release.xcconfig"; path = "Target Support Files/Pods-StargramClone/Pods-StargramClone.release.xcconfig"; sourceTree = "<group>"; };
/* End PBXFileReference section */

/* Begin PBXFrameworksBuildPhase section */
		5C8EE0722ACD3B4D007AA3C1 /* Frameworks */ = {
			isa = PBXFrameworksBuildPhase;
			buildActionMask = 2147483647;
			files = (
				EA43D9BE5088B2E1109F4609 /* Pods_StargramClone.framework in Frameworks */,
			);
			runOnlyForDeploymentPostprocessing = 0;
		};
/* End PBXFrameworksBuildPhase section */

/* Begin PBXGroup section */
		5C0C0BD32AE24D3F00EAD90B /* FeedDataManager */ = {
			isa = PBXGroup;
			children = (
				5C0C0BD42AE24D6D00EAD90B /* FeedAPIInput.swift */,
				5C0C0BD62AE24DC600EAD90B /* FeedModel.swift */,
				5C0C0BD82AE24E0600EAD90B /* FeedDataManager.swift */,
			);
			path = FeedDataManager;
			sourceTree = "<group>";
		};
		5C1382A82ADD05AC0093EB5F /* Profile */ = {
			isa = PBXGroup;
			children = (
				5CF43D072AEA3540004034AF /* UserFeedDataManager */,
				5C1382AB2ADD07E10093EB5F /* Cell */,
				5C1382A92ADD05DB0093EB5F /* ProfileViewController.swift */,
			);
			path = Profile;
			sourceTree = "<group>";
		};
		5C1382AB2ADD07E10093EB5F /* Cell */ = {
			isa = PBXGroup;
			children = (
				5C1382B12ADD14EF0093EB5F /* PostCell */,
				5C1382B02ADD14D90093EB5F /* ProfileCell */,
			);
			path = Cell;
			sourceTree = "<group>";
		};
		5C1382B02ADD14D90093EB5F /* ProfileCell */ = {
			isa = PBXGroup;
			children = (
				5C1382AC2ADD08070093EB5F /* ProfileCollectionViewCell.swift */,
				5C1382AD2ADD08070093EB5F /* ProfileCollectionViewCell.xib */,
			);
			path = ProfileCell;
			sourceTree = "<group>";
		};
		5C1382B12ADD14EF0093EB5F /* PostCell */ = {
			isa = PBXGroup;
			children = (
				5C1382B22ADD150E0093EB5F /* PostCollectionViewCell.swift */,
				5C1382B32ADD150E0093EB5F /* PostCollectionViewCell.xib */,
			);
			path = PostCell;
			sourceTree = "<group>";
		};
		5C3F12A02AD29AAA0067C22A /* Home */ = {
			isa = PBXGroup;
			children = (
				5CC8D8032AE25E2D00342B15 /* FeedUploadDataManager */,
				5C0C0BD32AE24D3F00EAD90B /* FeedDataManager */,
				5CA7E37E2AD53D0700AEAC6A /* HomeViewController.swift */,
				5C3F12A32AD29CF10067C22A /*  Cell */,
			);
			path = Home;
			sourceTree = "<group>";
		};
		5C3F12A32AD29CF10067C22A /*  Cell */ = {
			isa = PBXGroup;
			children = (
				5CA7E3802AD53FA000AEAC6A /* FeedTableViewCell.swift */,
				5CA7E3812AD53FA000AEAC6A /* FeedTableViewCell.xib */,
				5CC319732AD7B55E008A5F62 /* StoryTableViewCell.swift */,
				5CC319742AD7B55E008A5F62 /* StoryTableViewCell.xib */,
				5CC319772AD7B89D008A5F62 /* StoryCollectionViewCell.swift */,
				5CC319782AD7B89D008A5F62 /* StoryCollectionViewCell.xib */,
			);
			path = " Cell";
			sourceTree = "<group>";
		};
		5C8EE06C2ACD3B4D007AA3C1 = {
			isa = PBXGroup;
			children = (
				5C8EE0772ACD3B4D007AA3C1 /* StargramClone */,
				5C8EE0762ACD3B4D007AA3C1 /* Products */,
				ED1C3D61DF064C8F5586BF57 /* Pods */,
				7E116C962ACEE5DF1092D518 /* Frameworks */,
			);
			sourceTree = "<group>";
		};
		5C8EE0762ACD3B4D007AA3C1 /* Products */ = {
			isa = PBXGroup;
			children = (
				5C8EE0752ACD3B4D007AA3C1 /* StargramClone.app */,
			);
			name = Products;
			sourceTree = "<group>";
		};
		5C8EE0772ACD3B4D007AA3C1 /* StargramClone */ = {
			isa = PBXGroup;
			children = (
				5CF43D042AEA3166004034AF /* APP */,
				5CF43D062AEA31BE004034AF /* UserInterface */,
				5C8EE07E2ACD3B4D007AA3C1 /* Main.storyboard */,
				5CF43D112AEB9C8B004034AF /* ReelsViewController.swift */,
				5CF43D132AEB9D16004034AF /* ReelsCollectionViewCell.swift */,
				5CF43D192AEE1ACB004034AF /* ReelsCell.swift */,
				5CF43D1B2AEE1D46004034AF /* VideoPlayerView.swift */,
				5CF43D142AEB9D16004034AF /* ReelsCollectionViewCell.xib */,
				5C11A48B2ACEBBD60059E5A2 /* UIViewController+Extension.swift */,
				5CA129BB2AD1A13E00F380C0 /* UserInfo.swift */,
				5C11A4892ACEB95B0059E5A2 /* UIView+Extension.swift */,
				5C8EE0812ACD3B4D007AA3C1 /* Assets.xcassets */,
				5C8EE0832ACD3B4D007AA3C1 /* LaunchScreen.storyboard */,
				5C8EE0862ACD3B4D007AA3C1 /* Info.plist */,
				5CF43D172AEBA12A004034AF /* dummyVideo.mp4 */,
				5CF43D182AEBA135004034AF /* dummyVideo02.mp4 */,
			);
			path = StargramClone;
			sourceTree = "<group>";
		};
		5CC8D8032AE25E2D00342B15 /* FeedUploadDataManager */ = {
			isa = PBXGroup;
			children = (
				5CC8D8042AE25E5400342B15 /* FeedUploadInput.swift */,
				5CC8D8062AE25E9600342B15 /* FeedUploadModel.swift */,
				5CC8D8082AE25F0600342B15 /* FeedUploadDataManager.swift */,
			);
			path = FeedUploadDataManager;
			sourceTree = "<group>";
		};
		5CF43D042AEA3166004034AF /* APP */ = {
			isa = PBXGroup;
			children = (
				5C8EE0782ACD3B4D007AA3C1 /* AppDelegate.swift */,
				5C8EE07A2ACD3B4D007AA3C1 /* SceneDelegate.swift */,
			);
			path = APP;
			sourceTree = "<group>";
		};
		5CF43D052AEA3183004034AF /* Authentication */ = {
			isa = PBXGroup;
			children = (
				5C8EE08C2ACD42F7007AA3C1 /* LoginViewController.swift */,
				5C8EE08E2ACD45D6007AA3C1 /* RegisterViewController.swift */,
			);
			path = Authentication;
			sourceTree = "<group>";
		};
		5CF43D062AEA31BE004034AF /* UserInterface */ = {
			isa = PBXGroup;
			children = (
				5C1382A82ADD05AC0093EB5F /* Profile */,
				5C3F12A02AD29AAA0067C22A /* Home */,
				5CF43D052AEA3183004034AF /* Authentication */,
			);
			path = UserInterface;
			sourceTree = "<group>";
		};
		5CF43D072AEA3540004034AF /* UserFeedDataManager */ = {
			isa = PBXGroup;
			children = (
				5CF43D0A2AEA3C3F004034AF /* UserFeedDataManager.swift */,
				5CF43D0E2AEB97D7004034AF /* DeleteUserFeed */,
				5CF43D0C2AEB9783004034AF /* UserFeed */,
			);
			path = UserFeedDataManager;
			sourceTree = "<group>";
		};
		5CF43D0C2AEB9783004034AF /* UserFeed */ = {
			isa = PBXGroup;
			children = (
				5CF43D082AEA3578004034AF /* UserFeedModel.swift */,
			);
			path = UserFeed;
			sourceTree = "<group>";
		};
		5CF43D0E2AEB97D7004034AF /* DeleteUserFeed */ = {
			isa = PBXGroup;
			children = (
				5CF43D0F2AEB97F6004034AF /* DeleteUserFeed.swift */,
			);
			path = DeleteUserFeed;
			sourceTree = "<group>";
		};
		7E116C962ACEE5DF1092D518 /* Frameworks */ = {
			isa = PBXGroup;
			children = (
				279760FD54AB3185FF64586F /* Pods_StargramClone.framework */,
			);
			name = Frameworks;
			sourceTree = "<group>";
		};
		ED1C3D61DF064C8F5586BF57 /* Pods */ = {
			isa = PBXGroup;
			children = (
				9D81AF48D1AE545FA35F7FBE /* Pods-StargramClone.debug.xcconfig */,
				E44CA64874CFDB4435276833 /* Pods-StargramClone.release.xcconfig */,
			);
			path = Pods;
			sourceTree = "<group>";
		};
/* End PBXGroup section */

/* Begin PBXNativeTarget section */
		5C8EE0742ACD3B4D007AA3C1 /* StargramClone */ = {
			isa = PBXNativeTarget;
			buildConfigurationList = 5C8EE0892ACD3B4D007AA3C1 /* Build configuration list for PBXNativeTarget "StargramClone" */;
			buildPhases = (
				8240977CFF4D5166B7C8EFBE /* [CP] Check Pods Manifest.lock */,
				5C8EE0712ACD3B4D007AA3C1 /* Sources */,
				5C8EE0722ACD3B4D007AA3C1 /* Frameworks */,
				5C8EE0732ACD3B4D007AA3C1 /* Resources */,
				8FA9A7DEB8C427EDB8379E60 /* [CP] Embed Pods Frameworks */,
			);
			buildRules = (
			);
			dependencies = (
			);
			name = StargramClone;
			productName = StargramClone;
			productReference = 5C8EE0752ACD3B4D007AA3C1 /* StargramClone.app */;
			productType = "com.apple.product-type.application";
		};
/* End PBXNativeTarget section */

/* Begin PBXProject section */
		5C8EE06D2ACD3B4D007AA3C1 /* Project object */ = {
			isa = PBXProject;
			attributes = {
				BuildIndependentTargetsInParallel = 1;
				LastSwiftUpdateCheck = 1430;
				LastUpgradeCheck = 1430;
				TargetAttributes = {
					5C8EE0742ACD3B4D007AA3C1 = {
						CreatedOnToolsVersion = 14.3.1;
					};
				};
			};
			buildConfigurationList = 5C8EE0702ACD3B4D007AA3C1 /* Build configuration list for PBXProject "StargramClone" */;
			compatibilityVersion = "Xcode 14.0";
			developmentRegion = en;
			hasScannedForEncodings = 0;
			knownRegions = (
				en,
				Base,
			);
			mainGroup = 5C8EE06C2ACD3B4D007AA3C1;
			productRefGroup = 5C8EE0762ACD3B4D007AA3C1 /* Products */;
			projectDirPath = "";
			projectRoot = "";
			targets = (
				5C8EE0742ACD3B4D007AA3C1 /* StargramClone */,
			);
		};
/* End PBXProject section */

/* Begin PBXResourcesBuildPhase section */
		5C8EE0732ACD3B4D007AA3C1 /* Resources */ = {
			isa = PBXResourcesBuildPhase;
			buildActionMask = 2147483647;
			files = (
				5C1382B52ADD150E0093EB5F /* PostCollectionViewCell.xib in Resources */,
				5C8EE0852ACD3B4D007AA3C1 /* LaunchScreen.storyboard in Resources */,
				5CA7E3832AD53FA000AEAC6A /* FeedTableViewCell.xib in Resources */,
				5C8EE0822ACD3B4D007AA3C1 /* Assets.xcassets in Resources */,
				5C1382AF2ADD08070093EB5F /* ProfileCollectionViewCell.xib in Resources */,
				5CC319762AD7B55E008A5F62 /* StoryTableViewCell.xib in Resources */,
				5CC3197A2AD7B89D008A5F62 /* StoryCollectionViewCell.xib in Resources */,
				5CF43D162AEB9D16004034AF /* ReelsCollectionViewCell.xib in Resources */,
				5C8EE0802ACD3B4D007AA3C1 /* Main.storyboard in Resources */,
			);
			runOnlyForDeploymentPostprocessing = 0;
		};
/* End PBXResourcesBuildPhase section */

/* Begin PBXShellScriptBuildPhase section */
		8240977CFF4D5166B7C8EFBE /* [CP] Check Pods Manifest.lock */ = {
			isa = PBXShellScriptBuildPhase;
			buildActionMask = 2147483647;
			files = (
			);
			inputFileListPaths = (
			);
			inputPaths = (
				"${PODS_PODFILE_DIR_PATH}/Podfile.lock",
				"${PODS_ROOT}/Manifest.lock",
			);
			name = "[CP] Check Pods Manifest.lock";
			outputFileListPaths = (
			);
			outputPaths = (
				"$(DERIVED_FILE_DIR)/Pods-StargramClone-checkManifestLockResult.txt",
			);
			runOnlyForDeploymentPostprocessing = 0;
			shellPath = /bin/sh;
			shellScript = "diff \"${PODS_PODFILE_DIR_PATH}/Podfile.lock\" \"${PODS_ROOT}/Manifest.lock\" > /dev/null\nif [ $? != 0 ] ; then\n    # print error to STDERR\n    echo \"error: The sandbox is not in sync with the Podfile.lock. Run 'pod install' or update your CocoaPods installation.\" >&2\n    exit 1\nfi\n# This output is used by Xcode 'outputs' to avoid re-running this script phase.\necho \"SUCCESS\" > \"${SCRIPT_OUTPUT_FILE_0}\"\n";
			showEnvVarsInLog = 0;
		};
		8FA9A7DEB8C427EDB8379E60 /* [CP] Embed Pods Frameworks */ = {
			isa = PBXShellScriptBuildPhase;
			buildActionMask = 2147483647;
			files = (
			);
			inputFileListPaths = (
				"${PODS_ROOT}/Target Support Files/Pods-StargramClone/Pods-StargramClone-frameworks-${CONFIGURATION}-input-files.xcfilelist",
			);
			name = "[CP] Embed Pods Frameworks";
			outputFileListPaths = (
				"${PODS_ROOT}/Target Support Files/Pods-StargramClone/Pods-StargramClone-frameworks-${CONFIGURATION}-output-files.xcfilelist",
			);
			runOnlyForDeploymentPostprocessing = 0;
			shellPath = /bin/sh;
			shellScript = "\"${PODS_ROOT}/Target Support Files/Pods-StargramClone/Pods-StargramClone-frameworks.sh\"\n";
			showEnvVarsInLog = 0;
		};
/* End PBXShellScriptBuildPhase section */

/* Begin PBXSourcesBuildPhase section */
		5C8EE0712ACD3B4D007AA3C1 /* Sources */ = {
			isa = PBXSourcesBuildPhase;
			buildActionMask = 2147483647;
			files = (
				5C11A48C2ACEBBD60059E5A2 /* UIViewController+Extension.swift in Sources */,
				5C8EE08D2ACD42F7007AA3C1 /* LoginViewController.swift in Sources */,
				5C0C0BD52AE24D6D00EAD90B /* FeedAPIInput.swift in Sources */,
				5CC319792AD7B89D008A5F62 /* StoryCollectionViewCell.swift in Sources */,
				5CF43D102AEB97F6004034AF /* DeleteUserFeed.swift in Sources */,
				5C8EE0792ACD3B4D007AA3C1 /* AppDelegate.swift in Sources */,
				5CC8D8052AE25E5400342B15 /* FeedUploadInput.swift in Sources */,
				5CA7E37F2AD53D0700AEAC6A /* HomeViewController.swift in Sources */,
				5C8EE07B2ACD3B4D007AA3C1 /* SceneDelegate.swift in Sources */,
				5CF43D0B2AEA3C3F004034AF /* UserFeedDataManager.swift in Sources */,
				5C1382AA2ADD05DB0093EB5F /* ProfileViewController.swift in Sources */,
				5C11A48A2ACEB95B0059E5A2 /* UIView+Extension.swift in Sources */,
				5C1382AE2ADD08070093EB5F /* ProfileCollectionViewCell.swift in Sources */,
				5CF43D1A2AEE1ACB004034AF /* ReelsCell.swift in Sources */,
				5CC8D8072AE25E9600342B15 /* FeedUploadModel.swift in Sources */,
				5CC8D8092AE25F0600342B15 /* FeedUploadDataManager.swift in Sources */,
				5CA129BC2AD1A13E00F380C0 /* UserInfo.swift in Sources */,
				5C0C0BD92AE24E0600EAD90B /* FeedDataManager.swift in Sources */,
				5CA7E3822AD53FA000AEAC6A /* FeedTableViewCell.swift in Sources */,
				5C8EE08F2ACD45D6007AA3C1 /* RegisterViewController.swift in Sources */,
				5CF43D152AEB9D16004034AF /* ReelsCollectionViewCell.swift in Sources */,
				5C1382B42ADD150E0093EB5F /* PostCollectionViewCell.swift in Sources */,
				5CF43D092AEA3578004034AF /* UserFeedModel.swift in Sources */,
				5CF43D1C2AEE1D46004034AF /* VideoPlayerView.swift in Sources */,
				5CC319752AD7B55E008A5F62 /* StoryTableViewCell.swift in Sources */,
				5CF43D122AEB9C8B004034AF /* ReelsViewController.swift in Sources */,
				5C0C0BD72AE24DC600EAD90B /* FeedModel.swift in Sources */,
			);
			runOnlyForDeploymentPostprocessing = 0;
		};
/* End PBXSourcesBuildPhase section */

/* Begin PBXVariantGroup section */
		5C8EE07E2ACD3B4D007AA3C1 /* Main.storyboard */ = {
			isa = PBXVariantGroup;
			children = (
				5C8EE07F2ACD3B4D007AA3C1 /* Base */,
			);
			name = Main.storyboard;
			sourceTree = "<group>";
		};
		5C8EE0832ACD3B4D007AA3C1 /* LaunchScreen.storyboard */ = {
			isa = PBXVariantGroup;
			children = (
				5C8EE0842ACD3B4D007AA3C1 /* Base */,
			);
			name = LaunchScreen.storyboard;
			sourceTree = "<group>";
		};
/* End PBXVariantGroup section */

/* Begin XCBuildConfiguration section */
		5C8EE0872ACD3B4D007AA3C1 /* Debug */ = {
			isa = XCBuildConfiguration;
			buildSettings = {
				ALWAYS_SEARCH_USER_PATHS = NO;
				CLANG_ANALYZER_NONNULL = YES;
				CLANG_ANALYZER_NUMBER_OBJECT_CONVERSION = YES_AGGRESSIVE;
				CLANG_CXX_LANGUAGE_STANDARD = "gnu++20";
				CLANG_ENABLE_MODULES = YES;
				CLANG_ENABLE_OBJC_ARC = YES;
				CLANG_ENABLE_OBJC_WEAK = YES;
				CLANG_WARN_BLOCK_CAPTURE_AUTORELEASING = YES;
				CLANG_WARN_BOOL_CONVERSION = YES;
				CLANG_WARN_COMMA = YES;
				CLANG_WARN_CONSTANT_CONVERSION = YES;
				CLANG_WARN_DEPRECATED_OBJC_IMPLEMENTATIONS = YES;
				CLANG_WARN_DIRECT_OBJC_ISA_USAGE = YES_ERROR;
				CLANG_WARN_DOCUMENTATION_COMMENTS = YES;
				CLANG_WARN_EMPTY_BODY = YES;
				CLANG_WARN_ENUM_CONVERSION = YES;
				CLANG_WARN_INFINITE_RECURSION = YES;
				CLANG_WARN_INT_CONVERSION = YES;
				CLANG_WARN_NON_LITERAL_NULL_CONVERSION = YES;
				CLANG_WARN_OBJC_IMPLICIT_RETAIN_SELF = YES;
				CLANG_WARN_OBJC_LITERAL_CONVERSION = YES;
				CLANG_WARN_OBJC_ROOT_CLASS = YES_ERROR;
				CLANG_WARN_QUOTED_INCLUDE_IN_FRAMEWORK_HEADER = YES;
				CLANG_WARN_RANGE_LOOP_ANALYSIS = YES;
				CLANG_WARN_STRICT_PROTOTYPES = YES;
				CLANG_WARN_SUSPICIOUS_MOVE = YES;
				CLANG_WARN_UNGUARDED_AVAILABILITY = YES_AGGRESSIVE;
				CLANG_WARN_UNREACHABLE_CODE = YES;
				CLANG_WARN__DUPLICATE_METHOD_MATCH = YES;
				COPY_PHASE_STRIP = NO;
				DEBUG_INFORMATION_FORMAT = dwarf;
				ENABLE_STRICT_OBJC_MSGSEND = YES;
				ENABLE_TESTABILITY = YES;
				GCC_C_LANGUAGE_STANDARD = gnu11;
				GCC_DYNAMIC_NO_PIC = NO;
				GCC_NO_COMMON_BLOCKS = YES;
				GCC_OPTIMIZATION_LEVEL = 0;
				GCC_PREPROCESSOR_DEFINITIONS = (
					"DEBUG=1",
					"$(inherited)",
				);
				GCC_WARN_64_TO_32_BIT_CONVERSION = YES;
				GCC_WARN_ABOUT_RETURN_TYPE = YES_ERROR;
				GCC_WARN_UNDECLARED_SELECTOR = YES;
				GCC_WARN_UNINITIALIZED_AUTOS = YES_AGGRESSIVE;
				GCC_WARN_UNUSED_FUNCTION = YES;
				GCC_WARN_UNUSED_VARIABLE = YES;
				IPHONEOS_DEPLOYMENT_TARGET = 16.4;
				MTL_ENABLE_DEBUG_INFO = INCLUDE_SOURCE;
				MTL_FAST_MATH = YES;
				ONLY_ACTIVE_ARCH = YES;
				SDKROOT = iphoneos;
				SWIFT_ACTIVE_COMPILATION_CONDITIONS = DEBUG;
				SWIFT_OPTIMIZATION_LEVEL = "-Onone";
			};
			name = Debug;
		};
		5C8EE0882ACD3B4D007AA3C1 /* Release */ = {
			isa = XCBuildConfiguration;
			buildSettings = {
				ALWAYS_SEARCH_USER_PATHS = NO;
				CLANG_ANALYZER_NONNULL = YES;
				CLANG_ANALYZER_NUMBER_OBJECT_CONVERSION = YES_AGGRESSIVE;
				CLANG_CXX_LANGUAGE_STANDARD = "gnu++20";
				CLANG_ENABLE_MODULES = YES;
				CLANG_ENABLE_OBJC_ARC = YES;
				CLANG_ENABLE_OBJC_WEAK = YES;
				CLANG_WARN_BLOCK_CAPTURE_AUTORELEASING = YES;
				CLANG_WARN_BOOL_CONVERSION = YES;
				CLANG_WARN_COMMA = YES;
				CLANG_WARN_CONSTANT_CONVERSION = YES;
				CLANG_WARN_DEPRECATED_OBJC_IMPLEMENTATIONS = YES;
				CLANG_WARN_DIRECT_OBJC_ISA_USAGE = YES_ERROR;
				CLANG_WARN_DOCUMENTATION_COMMENTS = YES;
				CLANG_WARN_EMPTY_BODY = YES;
				CLANG_WARN_ENUM_CONVERSION = YES;
				CLANG_WARN_INFINITE_RECURSION = YES;
				CLANG_WARN_INT_CONVERSION = YES;
				CLANG_WARN_NON_LITERAL_NULL_CONVERSION = YES;
				CLANG_WARN_OBJC_IMPLICIT_RETAIN_SELF = YES;
				CLANG_WARN_OBJC_LITERAL_CONVERSION = YES;
				CLANG_WARN_OBJC_ROOT_CLASS = YES_ERROR;
				CLANG_WARN_QUOTED_INCLUDE_IN_FRAMEWORK_HEADER = YES;
				CLANG_WARN_RANGE_LOOP_ANALYSIS = YES;
				CLANG_WARN_STRICT_PROTOTYPES = YES;
				CLANG_WARN_SUSPICIOUS_MOVE = YES;
				CLANG_WARN_UNGUARDED_AVAILABILITY = YES_AGGRESSIVE;
				CLANG_WARN_UNREACHABLE_CODE = YES;
				CLANG_WARN__DUPLICATE_METHOD_MATCH = YES;
				COPY_PHASE_STRIP = NO;
				DEBUG_INFORMATION_FORMAT = "dwarf-with-dsym";
				ENABLE_NS_ASSERTIONS = NO;
				ENABLE_STRICT_OBJC_MSGSEND = YES;
				GCC_C_LANGUAGE_STANDARD = gnu11;
				GCC_NO_COMMON_BLOCKS = YES;
				GCC_WARN_64_TO_32_BIT_CONVERSION = YES;
				GCC_WARN_ABOUT_RETURN_TYPE = YES_ERROR;
				GCC_WARN_UNDECLARED_SELECTOR = YES;
				GCC_WARN_UNINITIALIZED_AUTOS = YES_AGGRESSIVE;
				GCC_WARN_UNUSED_FUNCTION = YES;
				GCC_WARN_UNUSED_VARIABLE = YES;
				IPHONEOS_DEPLOYMENT_TARGET = 16.4;
				MTL_ENABLE_DEBUG_INFO = NO;
				MTL_FAST_MATH = YES;
				SDKROOT = iphoneos;
				SWIFT_COMPILATION_MODE = wholemodule;
				SWIFT_OPTIMIZATION_LEVEL = "-O";
				VALIDATE_PRODUCT = YES;
			};
			name = Release;
		};
		5C8EE08A2ACD3B4D007AA3C1 /* Debug */ = {
			isa = XCBuildConfiguration;
			baseConfigurationReference = 9D81AF48D1AE545FA35F7FBE /* Pods-StargramClone.debug.xcconfig */;
			buildSettings = {
				ASSETCATALOG_COMPILER_APPICON_NAME = AppIcon;
				ASSETCATALOG_COMPILER_GLOBAL_ACCENT_COLOR_NAME = AccentColor;
				CODE_SIGN_STYLE = Automatic;
				CURRENT_PROJECT_VERSION = 1;
				GENERATE_INFOPLIST_FILE = YES;
				INFOPLIST_FILE = StargramClone/Info.plist;
				INFOPLIST_KEY_UIApplicationSupportsIndirectInputEvents = YES;
				INFOPLIST_KEY_UILaunchStoryboardName = LaunchScreen;
				INFOPLIST_KEY_UIMainStoryboardFile = Main;
				INFOPLIST_KEY_UISupportedInterfaceOrientations_iPad = "UIInterfaceOrientationPortrait UIInterfaceOrientationPortraitUpsideDown UIInterfaceOrientationLandscapeLeft UIInterfaceOrientationLandscapeRight";
				INFOPLIST_KEY_UISupportedInterfaceOrientations_iPhone = "UIInterfaceOrientationPortrait UIInterfaceOrientationLandscapeLeft UIInterfaceOrientationLandscapeRight";
				LD_RUNPATH_SEARCH_PATHS = (
					"$(inherited)",
					"@executable_path/Frameworks",
				);
				MARKETING_VERSION = 1.0;
				PRODUCT_BUNDLE_IDENTIFIER = kr.ac.tukorea.ios.seunge.StargramClone;
				PRODUCT_NAME = "$(TARGET_NAME)";
				SWIFT_EMIT_LOC_STRINGS = YES;
				SWIFT_VERSION = 5.0;
				TARGETED_DEVICE_FAMILY = "1,2";
			};
			name = Debug;
		};
		5C8EE08B2ACD3B4D007AA3C1 /* Release */ = {
			isa = XCBuildConfiguration;
			baseConfigurationReference = E44CA64874CFDB4435276833 /* Pods-StargramClone.release.xcconfig */;
			buildSettings = {
				ASSETCATALOG_COMPILER_APPICON_NAME = AppIcon;
				ASSETCATALOG_COMPILER_GLOBAL_ACCENT_COLOR_NAME = AccentColor;
				CODE_SIGN_STYLE = Automatic;
				CURRENT_PROJECT_VERSION = 1;
				GENERATE_INFOPLIST_FILE = YES;
				INFOPLIST_FILE = StargramClone/Info.plist;
				INFOPLIST_KEY_UIApplicationSupportsIndirectInputEvents = YES;
				INFOPLIST_KEY_UILaunchStoryboardName = LaunchScreen;
				INFOPLIST_KEY_UIMainStoryboardFile = Main;
				INFOPLIST_KEY_UISupportedInterfaceOrientations_iPad = "UIInterfaceOrientationPortrait UIInterfaceOrientationPortraitUpsideDown UIInterfaceOrientationLandscapeLeft UIInterfaceOrientationLandscapeRight";
				INFOPLIST_KEY_UISupportedInterfaceOrientations_iPhone = "UIInterfaceOrientationPortrait UIInterfaceOrientationLandscapeLeft UIInterfaceOrientationLandscapeRight";
				LD_RUNPATH_SEARCH_PATHS = (
					"$(inherited)",
					"@executable_path/Frameworks",
				);
				MARKETING_VERSION = 1.0;
				PRODUCT_BUNDLE_IDENTIFIER = kr.ac.tukorea.ios.seunge.StargramClone;
				PRODUCT_NAME = "$(TARGET_NAME)";
				SWIFT_EMIT_LOC_STRINGS = YES;
				SWIFT_VERSION = 5.0;
				TARGETED_DEVICE_FAMILY = "1,2";
			};
			name = Release;
		};
/* End XCBuildConfiguration section */

/* Begin XCConfigurationList section */
		5C8EE0702ACD3B4D007AA3C1 /* Build configuration list for PBXProject "StargramClone" */ = {
			isa = XCConfigurationList;
			buildConfigurations = (
				5C8EE0872ACD3B4D007AA3C1 /* Debug */,
				5C8EE0882ACD3B4D007AA3C1 /* Release */,
			);
			defaultConfigurationIsVisible = 0;
			defaultConfigurationName = Release;
		};
		5C8EE0892ACD3B4D007AA3C1 /* Build configuration list for PBXNativeTarget "StargramClone" */ = {
			isa = XCConfigurationList;
			buildConfigurations = (
				5C8EE08A2ACD3B4D007AA3C1 /* Debug */,
				5C8EE08B2ACD3B4D007AA3C1 /* Release */,
			);
			defaultConfigurationIsVisible = 0;
			defaultConfigurationName = Release;
		};
/* End XCConfigurationList section */
	};
	rootObject = 5C8EE06D2ACD3B4D007AA3C1 /* Project object */;
}
