// !$*UTF8*$!
{
	archiveVersion = 1;
	classes = {
	};
	objectVersion = 56;
	objects = {

/* Begin PBXBuildFile section */
		5C1E407C2B1C4672005EFFF0 /* RPSManager.swift in Sources */ = {isa = PBXBuildFile; fileRef = 5C1E407B2B1C4672005EFFF0 /* RPSManager.swift */; };
		5CD6A2552C69F0110023CA19 /* RPSViewModel.swift in Sources */ = {isa = PBXBuildFile; fileRef = 5CD6A2542C69F0110023CA19 /* RPSViewModel.swift */; };
		5CFD2DFF2A9F42D5008A5521 /* AppDelegate.swift in Sources */ = {isa = PBXBuildFile; fileRef = 5CFD2DFE2A9F42D5008A5521 /* AppDelegate.swift */; };
		5CFD2E012A9F42D5008A5521 /* SceneDelegate.swift in Sources */ = {isa = PBXBuildFile; fileRef = 5CFD2E002A9F42D5008A5521 /* SceneDelegate.swift */; };
		5CFD2E032A9F42D5008A5521 /* ViewController.swift in Sources */ = {isa = PBXBuildFile; fileRef = 5CFD2E022A9F42D5008A5521 /* ViewController.swift */; };
		5CFD2E062A9F42D5008A5521 /* Main.storyboard in Resources */ = {isa = PBXBuildFile; fileRef = 5CFD2E042A9F42D5008A5521 /* Main.storyboard */; };
		5CFD2E082A9F42D6008A5521 /* Assets.xcassets in Resources */ = {isa = PBXBuildFile; fileRef = 5CFD2E072A9F42D6008A5521 /* Assets.xcassets */; };
		5CFD2E0B2A9F42D6008A5521 /* LaunchScreen.storyboard in Resources */ = {isa = PBXBuildFile; fileRef = 5CFD2E092A9F42D6008A5521 /* LaunchScreen.storyboard */; };
		5CFD2E132A9F4F68008A5521 /* Rps.swift in Sources */ = {isa = PBXBuildFile; fileRef = 5CFD2E122A9F4F68008A5521 /* Rps.swift */; };
/* End PBXBuildFile section */

/* Begin PBXFileReference section */
		5C1E407B2B1C4672005EFFF0 /* RPSManager.swift */ = {isa = PBXFileReference; lastKnownFileType = sourcecode.swift; path = RPSManager.swift; sourceTree = "<group>"; };
		5CD6A2542C69F0110023CA19 /* RPSViewModel.swift */ = {isa = PBXFileReference; lastKnownFileType = sourcecode.swift; path = RPSViewModel.swift; sourceTree = "<group>"; };
		5CFD2DFB2A9F42D5008A5521 /* RPSGame.app */ = {isa = PBXFileReference; explicitFileType = wrapper.application; includeInIndex = 0; path = RPSGame.app; sourceTree = BUILT_PRODUCTS_DIR; };
		5CFD2DFE2A9F42D5008A5521 /* AppDelegate.swift */ = {isa = PBXFileReference; lastKnownFileType = sourcecode.swift; path = AppDelegate.swift; sourceTree = "<group>"; };
		5CFD2E002A9F42D5008A5521 /* SceneDelegate.swift */ = {isa = PBXFileReference; lastKnownFileType = sourcecode.swift; path = SceneDelegate.swift; sourceTree = "<group>"; };
		5CFD2E022A9F42D5008A5521 /* ViewController.swift */ = {isa = PBXFileReference; lastKnownFileType = sourcecode.swift; path = ViewController.swift; sourceTree = "<group>"; };
		5CFD2E052A9F42D5008A5521 /* Base */ = {isa = PBXFileReference; lastKnownFileType = file.storyboard; name = Base; path = Base.lproj/Main.storyboard; sourceTree = "<group>"; };
		5CFD2E072A9F42D6008A5521 /* Assets.xcassets */ = {isa = PBXFileReference; lastKnownFileType = folder.assetcatalog; path = Assets.xcassets; sourceTree = "<group>"; };
		5CFD2E0A2A9F42D6008A5521 /* Base */ = {isa = PBXFileReference; lastKnownFileType = file.storyboard; name = Base; path = Base.lproj/LaunchScreen.storyboard; sourceTree = "<group>"; };
		5CFD2E0C2A9F42D6008A5521 /* Info.plist */ = {isa = PBXFileReference; lastKnownFileType = text.plist.xml; path = Info.plist; sourceTree = "<group>"; };
		5CFD2E122A9F4F68008A5521 /* Rps.swift */ = {isa = PBXFileReference; lastKnownFileType = sourcecode.swift; path = Rps.swift; sourceTree = "<group>"; };
/* End PBXFileReference section */

/* Begin PBXFrameworksBuildPhase section */
		5CFD2DF82A9F42D5008A5521 /* Frameworks */ = {
			isa = PBXFrameworksBuildPhase;
			buildActionMask = 2147483647;
			files = (
			);
			runOnlyForDeploymentPostprocessing = 0;
		};
/* End PBXFrameworksBuildPhase section */

/* Begin PBXGroup section */
		5C1E407A2B1C4660005EFFF0 /* Models */ = {
			isa = PBXGroup;
			children = (
				5CFD2E122A9F4F68008A5521 /* Rps.swift */,
				5C1E407B2B1C4672005EFFF0 /* RPSManager.swift */,
			);
			path = Models;
			sourceTree = "<group>";
		};
		5C1E407D2B1C467D005EFFF0 /* Views */ = {
			isa = PBXGroup;
			children = (
				5CFD2E042A9F42D5008A5521 /* Main.storyboard */,
			);
			path = Views;
			sourceTree = "<group>";
		};
		5C1E407E2B1C4687005EFFF0 /* Controllers */ = {
			isa = PBXGroup;
			children = (
				5CFD2E022A9F42D5008A5521 /* ViewController.swift */,
			);
			path = Controllers;
			sourceTree = "<group>";
		};
		5CD6A2532C69EFFB0023CA19 /* ViewModel */ = {
			isa = PBXGroup;
			children = (
				5CD6A2542C69F0110023CA19 /* RPSViewModel.swift */,
			);
			path = ViewModel;
			sourceTree = "<group>";
		};
		5CFD2DF22A9F42D5008A5521 = {
			isa = PBXGroup;
			children = (
				5CFD2DFD2A9F42D5008A5521 /* RPSGame */,
				5CFD2DFC2A9F42D5008A5521 /* Products */,
			);
			sourceTree = "<group>";
		};
		5CFD2DFC2A9F42D5008A5521 /* Products */ = {
			isa = PBXGroup;
			children = (
				5CFD2DFB2A9F42D5008A5521 /* RPSGame.app */,
			);
			name = Products;
			sourceTree = "<group>";
		};
		5CFD2DFD2A9F42D5008A5521 /* RPSGame */ = {
			isa = PBXGroup;
			children = (
				5CFD2DFE2A9F42D5008A5521 /* AppDelegate.swift */,
				5CFD2E002A9F42D5008A5521 /* SceneDelegate.swift */,
				5C1E407A2B1C4660005EFFF0 /* Models */,
				5CD6A2532C69EFFB0023CA19 /* ViewModel */,
				5C1E407D2B1C467D005EFFF0 /* Views */,
				5C1E407E2B1C4687005EFFF0 /* Controllers */,
				5CFD2E072A9F42D6008A5521 /* Assets.xcassets */,
				5CFD2E092A9F42D6008A5521 /* LaunchScreen.storyboard */,
				5CFD2E0C2A9F42D6008A5521 /* Info.plist */,
			);
			path = RPSGame;
			sourceTree = "<group>";
		};
/* End PBXGroup section */

/* Begin PBXNativeTarget section */
		5CFD2DFA2A9F42D5008A5521 /* RPSGame */ = {
			isa = PBXNativeTarget;
			buildConfigurationList = 5CFD2E0F2A9F42D6008A5521 /* Build configuration list for PBXNativeTarget "RPSGame" */;
			buildPhases = (
				5CFD2DF72A9F42D5008A5521 /* Sources */,
				5CFD2DF82A9F42D5008A5521 /* Frameworks */,
				5CFD2DF92A9F42D5008A5521 /* Resources */,
			);
			buildRules = (
			);
			dependencies = (
			);
			name = RPSGame;
			productName = RPSGame;
			productReference = 5CFD2DFB2A9F42D5008A5521 /* RPSGame.app */;
			productType = "com.apple.product-type.application";
		};
/* End PBXNativeTarget section */

/* Begin PBXProject section */
		5CFD2DF32A9F42D5008A5521 /* Project object */ = {
			isa = PBXProject;
			attributes = {
				BuildIndependentTargetsInParallel = 1;
				LastSwiftUpdateCheck = 1430;
				LastUpgradeCheck = 1430;
				TargetAttributes = {
					5CFD2DFA2A9F42D5008A5521 = {
						CreatedOnToolsVersion = 14.3.1;
					};
				};
			};
			buildConfigurationList = 5CFD2DF62A9F42D5008A5521 /* Build configuration list for PBXProject "RPSGame" */;
			compatibilityVersion = "Xcode 14.0";
			developmentRegion = en;
			hasScannedForEncodings = 0;
			knownRegions = (
				en,
				Base,
			);
			mainGroup = 5CFD2DF22A9F42D5008A5521;
			productRefGroup = 5CFD2DFC2A9F42D5008A5521 /* Products */;
			projectDirPath = "";
			projectRoot = "";
			targets = (
				5CFD2DFA2A9F42D5008A5521 /* RPSGame */,
			);
		};
/* End PBXProject section */

/* Begin PBXResourcesBuildPhase section */
		5CFD2DF92A9F42D5008A5521 /* Resources */ = {
			isa = PBXResourcesBuildPhase;
			buildActionMask = 2147483647;
			files = (
				5CFD2E0B2A9F42D6008A5521 /* LaunchScreen.storyboard in Resources */,
				5CFD2E082A9F42D6008A5521 /* Assets.xcassets in Resources */,
				5CFD2E062A9F42D5008A5521 /* Main.storyboard in Resources */,
			);
			runOnlyForDeploymentPostprocessing = 0;
		};
/* End PBXResourcesBuildPhase section */

/* Begin PBXSourcesBuildPhase section */
		5CFD2DF72A9F42D5008A5521 /* Sources */ = {
			isa = PBXSourcesBuildPhase;
			buildActionMask = 2147483647;
			files = (
				5CD6A2552C69F0110023CA19 /* RPSViewModel.swift in Sources */,
				5CFD2E032A9F42D5008A5521 /* ViewController.swift in Sources */,
				5CFD2E132A9F4F68008A5521 /* Rps.swift in Sources */,
				5CFD2DFF2A9F42D5008A5521 /* AppDelegate.swift in Sources */,
				5CFD2E012A9F42D5008A5521 /* SceneDelegate.swift in Sources */,
				5C1E407C2B1C4672005EFFF0 /* RPSManager.swift in Sources */,
			);
			runOnlyForDeploymentPostprocessing = 0;
		};
/* End PBXSourcesBuildPhase section */

/* Begin PBXVariantGroup section */
		5CFD2E042A9F42D5008A5521 /* Main.storyboard */ = {
			isa = PBXVariantGroup;
			children = (
				5CFD2E052A9F42D5008A5521 /* Base */,
			);
			name = Main.storyboard;
			sourceTree = "<group>";
		};
		5CFD2E092A9F42D6008A5521 /* LaunchScreen.storyboard */ = {
			isa = PBXVariantGroup;
			children = (
				5CFD2E0A2A9F42D6008A5521 /* Base */,
			);
			name = LaunchScreen.storyboard;
			sourceTree = "<group>";
		};
/* End PBXVariantGroup section */

/* Begin XCBuildConfiguration section */
		5CFD2E0D2A9F42D6008A5521 /* Debug */ = {
			isa = XCBuildConfiguration;
			buildSettings = {
				ALWAYS_SEARCH_USER_PATHS = NO;
				CLANG_ANALYZER_NONNULL = YES;
				CLANG_ANALYZER_NUMBER_OBJECT_CONVERSION = YES_AGGRESSIVE;
				CLANG_CXX_LANGUAGE_STANDARD = "gnu++20";
				CLANG_ENABLE_MODULES = YES;
				CLANG_ENABLE_OBJC_ARC = YES;
				CLANG_ENABLE_OBJC_WEAK = YES;
				CLANG_WARN_BLOCK_CAPTURE_AUTORELEASING = YES;
				CLANG_WARN_BOOL_CONVERSION = YES;
				CLANG_WARN_COMMA = YES;
				CLANG_WARN_CONSTANT_CONVERSION = YES;
				CLANG_WARN_DEPRECATED_OBJC_IMPLEMENTATIONS = YES;
				CLANG_WARN_DIRECT_OBJC_ISA_USAGE = YES_ERROR;
				CLANG_WARN_DOCUMENTATION_COMMENTS = YES;
				CLANG_WARN_EMPTY_BODY = YES;
				CLANG_WARN_ENUM_CONVERSION = YES;
				CLANG_WARN_INFINITE_RECURSION = YES;
				CLANG_WARN_INT_CONVERSION = YES;
				CLANG_WARN_NON_LITERAL_NULL_CONVERSION = YES;
				CLANG_WARN_OBJC_IMPLICIT_RETAIN_SELF = YES;
				CLANG_WARN_OBJC_LITERAL_CONVERSION = YES;
				CLANG_WARN_OBJC_ROOT_CLASS = YES_ERROR;
				CLANG_WARN_QUOTED_INCLUDE_IN_FRAMEWORK_HEADER = YES;
				CLANG_WARN_RANGE_LOOP_ANALYSIS = YES;
				CLANG_WARN_STRICT_PROTOTYPES = YES;
				CLANG_WARN_SUSPICIOUS_MOVE = YES;
				CLANG_WARN_UNGUARDED_AVAILABILITY = YES_AGGRESSIVE;
				CLANG_WARN_UNREACHABLE_CODE = YES;
				CLANG_WARN__DUPLICATE_METHOD_MATCH = YES;
				COPY_PHASE_STRIP = NO;
				DEBUG_INFORMATION_FORMAT = dwarf;
				ENABLE_STRICT_OBJC_MSGSEND = YES;
				ENABLE_TESTABILITY = YES;
				GCC_C_LANGUAGE_STANDARD = gnu11;
				GCC_DYNAMIC_NO_PIC = NO;
				GCC_NO_COMMON_BLOCKS = YES;
				GCC_OPTIMIZATION_LEVEL = 0;
				GCC_PREPROCESSOR_DEFINITIONS = (
					"DEBUG=1",
					"$(inherited)",
				);
				GCC_WARN_64_TO_32_BIT_CONVERSION = YES;
				GCC_WARN_ABOUT_RETURN_TYPE = YES_ERROR;
				GCC_WARN_UNDECLARED_SELECTOR = YES;
				GCC_WARN_UNINITIALIZED_AUTOS = YES_AGGRESSIVE;
				GCC_WARN_UNUSED_FUNCTION = YES;
				GCC_WARN_UNUSED_VARIABLE = YES;
				IPHONEOS_DEPLOYMENT_TARGET = 16.4;
				MTL_ENABLE_DEBUG_INFO = INCLUDE_SOURCE;
				MTL_FAST_MATH = YES;
				ONLY_ACTIVE_ARCH = YES;
				SDKROOT = iphoneos;
				SWIFT_ACTIVE_COMPILATION_CONDITIONS = DEBUG;
				SWIFT_OPTIMIZATION_LEVEL = "-Onone";
			};
			name = Debug;
		};
		5CFD2E0E2A9F42D6008A5521 /* Release */ = {
			isa = XCBuildConfiguration;
			buildSettings = {
				ALWAYS_SEARCH_USER_PATHS = NO;
				CLANG_ANALYZER_NONNULL = YES;
				CLANG_ANALYZER_NUMBER_OBJECT_CONVERSION = YES_AGGRESSIVE;
				CLANG_CXX_LANGUAGE_STANDARD = "gnu++20";
				CLANG_ENABLE_MODULES = YES;
				CLANG_ENABLE_OBJC_ARC = YES;
				CLANG_ENABLE_OBJC_WEAK = YES;
				CLANG_WARN_BLOCK_CAPTURE_AUTORELEASING = YES;
				CLANG_WARN_BOOL_CONVERSION = YES;
				CLANG_WARN_COMMA = YES;
				CLANG_WARN_CONSTANT_CONVERSION = YES;
				CLANG_WARN_DEPRECATED_OBJC_IMPLEMENTATIONS = YES;
				CLANG_WARN_DIRECT_OBJC_ISA_USAGE = YES_ERROR;
				CLANG_WARN_DOCUMENTATION_COMMENTS = YES;
				CLANG_WARN_EMPTY_BODY = YES;
				CLANG_WARN_ENUM_CONVERSION = YES;
				CLANG_WARN_INFINITE_RECURSION = YES;
				CLANG_WARN_INT_CONVERSION = YES;
				CLANG_WARN_NON_LITERAL_NULL_CONVERSION = YES;
				CLANG_WARN_OBJC_IMPLICIT_RETAIN_SELF = YES;
				CLANG_WARN_OBJC_LITERAL_CONVERSION = YES;
				CLANG_WARN_OBJC_ROOT_CLASS = YES_ERROR;
				CLANG_WARN_QUOTED_INCLUDE_IN_FRAMEWORK_HEADER = YES;
				CLANG_WARN_RANGE_LOOP_ANALYSIS = YES;
				CLANG_WARN_STRICT_PROTOTYPES = YES;
				CLANG_WARN_SUSPICIOUS_MOVE = YES;
				CLANG_WARN_UNGUARDED_AVAILABILITY = YES_AGGRESSIVE;
				CLANG_WARN_UNREACHABLE_CODE = YES;
				CLANG_WARN__DUPLICATE_METHOD_MATCH = YES;
				COPY_PHASE_STRIP = NO;
				DEBUG_INFORMATION_FORMAT = "dwarf-with-dsym";
				ENABLE_NS_ASSERTIONS = NO;
				ENABLE_STRICT_OBJC_MSGSEND = YES;
				GCC_C_LANGUAGE_STANDARD = gnu11;
				GCC_NO_COMMON_BLOCKS = YES;
				GCC_WARN_64_TO_32_BIT_CONVERSION = YES;
				GCC_WARN_ABOUT_RETURN_TYPE = YES_ERROR;
				GCC_WARN_UNDECLARED_SELECTOR = YES;
				GCC_WARN_UNINITIALIZED_AUTOS = YES_AGGRESSIVE;
				GCC_WARN_UNUSED_FUNCTION = YES;
				GCC_WARN_UNUSED_VARIABLE = YES;
				IPHONEOS_DEPLOYMENT_TARGET = 16.4;
				MTL_ENABLE_DEBUG_INFO = NO;
				MTL_FAST_MATH = YES;
				SDKROOT = iphoneos;
				SWIFT_COMPILATION_MODE = wholemodule;
				SWIFT_OPTIMIZATION_LEVEL = "-O";
				VALIDATE_PRODUCT = YES;
			};
			name = Release;
		};
		5CFD2E102A9F42D6008A5521 /* Debug */ = {
			isa = XCBuildConfiguration;
			buildSettings = {
				ASSETCATALOG_COMPILER_APPICON_NAME = AppIcon;
				ASSETCATALOG_COMPILER_GLOBAL_ACCENT_COLOR_NAME = AccentColor;
				CODE_SIGN_STYLE = Automatic;
				CURRENT_PROJECT_VERSION = 1;
				GENERATE_INFOPLIST_FILE = YES;
				INFOPLIST_FILE = RPSGame/Info.plist;
				INFOPLIST_KEY_UIApplicationSupportsIndirectInputEvents = YES;
				INFOPLIST_KEY_UILaunchStoryboardName = LaunchScreen;
				INFOPLIST_KEY_UIMainStoryboardFile = Main;
				INFOPLIST_KEY_UISupportedInterfaceOrientations = UIInterfaceOrientationPortrait;
				INFOPLIST_KEY_UISupportedInterfaceOrientations_iPad = "UIInterfaceOrientationLandscapeLeft UIInterfaceOrientationLandscapeRight UIInterfaceOrientationPortrait UIInterfaceOrientationPortraitUpsideDown";
				LD_RUNPATH_SEARCH_PATHS = (
					"$(inherited)",
					"@executable_path/Frameworks",
				);
				MARKETING_VERSION = 1.0;
				PRODUCT_BUNDLE_IDENTIFIER = kr.ac.tukorea.ios.seunge.RPSGame;
				PRODUCT_NAME = "$(TARGET_NAME)";
				SWIFT_EMIT_LOC_STRINGS = YES;
				SWIFT_VERSION = 5.0;
				TARGETED_DEVICE_FAMILY = "1,2";
			};
			name = Debug;
		};
		5CFD2E112A9F42D6008A5521 /* Release */ = {
			isa = XCBuildConfiguration;
			buildSettings = {
				ASSETCATALOG_COMPILER_APPICON_NAME = AppIcon;
				ASSETCATALOG_COMPILER_GLOBAL_ACCENT_COLOR_NAME = AccentColor;
				CODE_SIGN_STYLE = Automatic;
				CURRENT_PROJECT_VERSION = 1;
				GENERATE_INFOPLIST_FILE = YES;
				INFOPLIST_FILE = RPSGame/Info.plist;
				INFOPLIST_KEY_UIApplicationSupportsIndirectInputEvents = YES;
				INFOPLIST_KEY_UILaunchStoryboardName = LaunchScreen;
				INFOPLIST_KEY_UIMainStoryboardFile = Main;
				INFOPLIST_KEY_UISupportedInterfaceOrientations = UIInterfaceOrientationPortrait;
				INFOPLIST_KEY_UISupportedInterfaceOrientations_iPad = "UIInterfaceOrientationLandscapeLeft UIInterfaceOrientationLandscapeRight UIInterfaceOrientationPortrait UIInterfaceOrientationPortraitUpsideDown";
				LD_RUNPATH_SEARCH_PATHS = (
					"$(inherited)",
					"@executable_path/Frameworks",
				);
				MARKETING_VERSION = 1.0;
				PRODUCT_BUNDLE_IDENTIFIER = kr.ac.tukorea.ios.seunge.RPSGame;
				PRODUCT_NAME = "$(TARGET_NAME)";
				SWIFT_EMIT_LOC_STRINGS = YES;
				SWIFT_VERSION = 5.0;
				TARGETED_DEVICE_FAMILY = "1,2";
			};
			name = Release;
		};
/* End XCBuildConfiguration section */

/* Begin XCConfigurationList section */
		5CFD2DF62A9F42D5008A5521 /* Build configuration list for PBXProject "RPSGame" */ = {
			isa = XCConfigurationList;
			buildConfigurations = (
				5CFD2E0D2A9F42D6008A5521 /* Debug */,
				5CFD2E0E2A9F42D6008A5521 /* Release */,
			);
			defaultConfigurationIsVisible = 0;
			defaultConfigurationName = Release;
		};
		5CFD2E0F2A9F42D6008A5521 /* Build configuration list for PBXNativeTarget "RPSGame" */ = {
			isa = XCConfigurationList;
			buildConfigurations = (
				5CFD2E102A9F42D6008A5521 /* Debug */,
				5CFD2E112A9F42D6008A5521 /* Release */,
			);
			defaultConfigurationIsVisible = 0;
			defaultConfigurationName = Release;
		};
/* End XCConfigurationList section */
	};
	rootObject = 5CFD2DF32A9F42D5008A5521 /* Project object */;
}
