// !$*UTF8*$!
{
	archiveVersion = 1;
	classes = {
	};
	objectVersion = 56;
	objects = {

/* Begin PBXBuildFile section */
		5C2376D32B46C49E00A02ED6 /* AppDelegate.swift in Sources */ = {isa = PBXBuildFile; fileRef = 5C2376D22B46C49E00A02ED6 /* AppDelegate.swift */; };
		5C2376D52B46C49E00A02ED6 /* SceneDelegate.swift in Sources */ = {isa = PBXBuildFile; fileRef = 5C2376D42B46C49E00A02ED6 /* SceneDelegate.swift */; };
		5C2376D72B46C49E00A02ED6 /* ViewController.swift in Sources */ = {isa = PBXBuildFile; fileRef = 5C2376D62B46C49E00A02ED6 /* ViewController.swift */; };
		5C2376DA2B46C49E00A02ED6 /* Main.storyboard in Resources */ = {isa = PBXBuildFile; fileRef = 5C2376D82B46C49E00A02ED6 /* Main.storyboard */; };
		5C2376DC2B46C49F00A02ED6 /* Assets.xcassets in Resources */ = {isa = PBXBuildFile; fileRef = 5C2376DB2B46C49F00A02ED6 /* Assets.xcassets */; };
		5C2376DF2B46C49F00A02ED6 /* LaunchScreen.storyboard in Resources */ = {isa = PBXBuildFile; fileRef = 5C2376DD2B46C49F00A02ED6 /* LaunchScreen.storyboard */; };
		5C2376EA2B47B5A300A02ED6 /* Movie.swift in Sources */ = {isa = PBXBuildFile; fileRef = 5C2376E92B47B5A300A02ED6 /* Movie.swift */; };
		5C2376EC2B47B5B200A02ED6 /* DataManager.swift in Sources */ = {isa = PBXBuildFile; fileRef = 5C2376EB2B47B5B200A02ED6 /* DataManager.swift */; };
		5C2376EE2B47B5DD00A02ED6 /* MyTableViewCell.swift in Sources */ = {isa = PBXBuildFile; fileRef = 5C2376ED2B47B5DD00A02ED6 /* MyTableViewCell.swift */; };
		5C2376F02B47B5F300A02ED6 /* DetailViewController.swift in Sources */ = {isa = PBXBuildFile; fileRef = 5C2376EF2B47B5F300A02ED6 /* DetailViewController.swift */; };
		5C2376F22B47C1E300A02ED6 /* DetailView.swift in Sources */ = {isa = PBXBuildFile; fileRef = 5C2376F12B47C1E300A02ED6 /* DetailView.swift */; };
/* End PBXBuildFile section */

/* Begin PBXFileReference section */
		5C2376CF2B46C49E00A02ED6 /* TableViewCode.app */ = {isa = PBXFileReference; explicitFileType = wrapper.application; includeInIndex = 0; path = TableViewCode.app; sourceTree = BUILT_PRODUCTS_DIR; };
		5C2376D22B46C49E00A02ED6 /* AppDelegate.swift */ = {isa = PBXFileReference; lastKnownFileType = sourcecode.swift; path = AppDelegate.swift; sourceTree = "<group>"; };
		5C2376D42B46C49E00A02ED6 /* SceneDelegate.swift */ = {isa = PBXFileReference; lastKnownFileType = sourcecode.swift; path = SceneDelegate.swift; sourceTree = "<group>"; };
		5C2376D62B46C49E00A02ED6 /* ViewController.swift */ = {isa = PBXFileReference; lastKnownFileType = sourcecode.swift; path = ViewController.swift; sourceTree = "<group>"; };
		5C2376D92B46C49E00A02ED6 /* Base */ = {isa = PBXFileReference; lastKnownFileType = file.storyboard; name = Base; path = Base.lproj/Main.storyboard; sourceTree = "<group>"; };
		5C2376DB2B46C49F00A02ED6 /* Assets.xcassets */ = {isa = PBXFileReference; lastKnownFileType = folder.assetcatalog; path = Assets.xcassets; sourceTree = "<group>"; };
		5C2376DE2B46C49F00A02ED6 /* Base */ = {isa = PBXFileReference; lastKnownFileType = file.storyboard; name = Base; path = Base.lproj/LaunchScreen.storyboard; sourceTree = "<group>"; };
		5C2376E02B46C49F00A02ED6 /* Info.plist */ = {isa = PBXFileReference; lastKnownFileType = text.plist.xml; path = Info.plist; sourceTree = "<group>"; };
		5C2376E92B47B5A300A02ED6 /* Movie.swift */ = {isa = PBXFileReference; lastKnownFileType = sourcecode.swift; path = Movie.swift; sourceTree = "<group>"; };
		5C2376EB2B47B5B200A02ED6 /* DataManager.swift */ = {isa = PBXFileReference; lastKnownFileType = sourcecode.swift; path = DataManager.swift; sourceTree = "<group>"; };
		5C2376ED2B47B5DD00A02ED6 /* MyTableViewCell.swift */ = {isa = PBXFileReference; lastKnownFileType = sourcecode.swift; path = MyTableViewCell.swift; sourceTree = "<group>"; };
		5C2376EF2B47B5F300A02ED6 /* DetailViewController.swift */ = {isa = PBXFileReference; lastKnownFileType = sourcecode.swift; path = DetailViewController.swift; sourceTree = "<group>"; };
		5C2376F12B47C1E300A02ED6 /* DetailView.swift */ = {isa = PBXFileReference; lastKnownFileType = sourcecode.swift; path = DetailView.swift; sourceTree = "<group>"; };
/* End PBXFileReference section */

/* Begin PBXFrameworksBuildPhase section */
		5C2376CC2B46C49E00A02ED6 /* Frameworks */ = {
			isa = PBXFrameworksBuildPhase;
			buildActionMask = 2147483647;
			files = (
			);
			runOnlyForDeploymentPostprocessing = 0;
		};
/* End PBXFrameworksBuildPhase section */

/* Begin PBXGroup section */
		5C2376C62B46C49E00A02ED6 = {
			isa = PBXGroup;
			children = (
				5C2376D12B46C49E00A02ED6 /* TableViewCode */,
				5C2376D02B46C49E00A02ED6 /* Products */,
			);
			sourceTree = "<group>";
		};
		5C2376D02B46C49E00A02ED6 /* Products */ = {
			isa = PBXGroup;
			children = (
				5C2376CF2B46C49E00A02ED6 /* TableViewCode.app */,
			);
			name = Products;
			sourceTree = "<group>";
		};
		5C2376D12B46C49E00A02ED6 /* TableViewCode */ = {
			isa = PBXGroup;
			children = (
				5C2376D22B46C49E00A02ED6 /* AppDelegate.swift */,
				5C2376D42B46C49E00A02ED6 /* SceneDelegate.swift */,
				5C2376E82B47B58600A02ED6 /* Models */,
				5C2376E72B47B57500A02ED6 /* Views */,
				5C2376E62B47B56700A02ED6 /* Controllers */,
				5C2376D82B46C49E00A02ED6 /* Main.storyboard */,
				5C2376DB2B46C49F00A02ED6 /* Assets.xcassets */,
				5C2376DD2B46C49F00A02ED6 /* LaunchScreen.storyboard */,
				5C2376E02B46C49F00A02ED6 /* Info.plist */,
			);
			path = TableViewCode;
			sourceTree = "<group>";
		};
		5C2376E62B47B56700A02ED6 /* Controllers */ = {
			isa = PBXGroup;
			children = (
				5C2376D62B46C49E00A02ED6 /* ViewController.swift */,
				5C2376EF2B47B5F300A02ED6 /* DetailViewController.swift */,
			);
			path = Controllers;
			sourceTree = "<group>";
		};
		5C2376E72B47B57500A02ED6 /* Views */ = {
			isa = PBXGroup;
			children = (
				5C2376ED2B47B5DD00A02ED6 /* MyTableViewCell.swift */,
				5C2376F12B47C1E300A02ED6 /* DetailView.swift */,
			);
			path = Views;
			sourceTree = "<group>";
		};
		5C2376E82B47B58600A02ED6 /* Models */ = {
			isa = PBXGroup;
			children = (
				5C2376E92B47B5A300A02ED6 /* Movie.swift */,
				5C2376EB2B47B5B200A02ED6 /* DataManager.swift */,
			);
			path = Models;
			sourceTree = "<group>";
		};
/* End PBXGroup section */

/* Begin PBXNativeTarget section */
		5C2376CE2B46C49E00A02ED6 /* TableViewCode */ = {
			isa = PBXNativeTarget;
			buildConfigurationList = 5C2376E32B46C49F00A02ED6 /* Build configuration list for PBXNativeTarget "TableViewCode" */;
			buildPhases = (
				5C2376CB2B46C49E00A02ED6 /* Sources */,
				5C2376CC2B46C49E00A02ED6 /* Frameworks */,
				5C2376CD2B46C49E00A02ED6 /* Resources */,
			);
			buildRules = (
			);
			dependencies = (
			);
			name = TableViewCode;
			productName = TableViewCode;
			productReference = 5C2376CF2B46C49E00A02ED6 /* TableViewCode.app */;
			productType = "com.apple.product-type.application";
		};
/* End PBXNativeTarget section */

/* Begin PBXProject section */
		5C2376C72B46C49E00A02ED6 /* Project object */ = {
			isa = PBXProject;
			attributes = {
				BuildIndependentTargetsInParallel = 1;
				LastSwiftUpdateCheck = 1430;
				LastUpgradeCheck = 1430;
				TargetAttributes = {
					5C2376CE2B46C49E00A02ED6 = {
						CreatedOnToolsVersion = 14.3.1;
					};
				};
			};
			buildConfigurationList = 5C2376CA2B46C49E00A02ED6 /* Build configuration list for PBXProject "TableViewCode" */;
			compatibilityVersion = "Xcode 14.0";
			developmentRegion = en;
			hasScannedForEncodings = 0;
			knownRegions = (
				en,
				Base,
			);
			mainGroup = 5C2376C62B46C49E00A02ED6;
			productRefGroup = 5C2376D02B46C49E00A02ED6 /* Products */;
			projectDirPath = "";
			projectRoot = "";
			targets = (
				5C2376CE2B46C49E00A02ED6 /* TableViewCode */,
			);
		};
/* End PBXProject section */

/* Begin PBXResourcesBuildPhase section */
		5C2376CD2B46C49E00A02ED6 /* Resources */ = {
			isa = PBXResourcesBuildPhase;
			buildActionMask = 2147483647;
			files = (
				5C2376DF2B46C49F00A02ED6 /* LaunchScreen.storyboard in Resources */,
				5C2376DC2B46C49F00A02ED6 /* Assets.xcassets in Resources */,
				5C2376DA2B46C49E00A02ED6 /* Main.storyboard in Resources */,
			);
			runOnlyForDeploymentPostprocessing = 0;
		};
/* End PBXResourcesBuildPhase section */

/* Begin PBXSourcesBuildPhase section */
		5C2376CB2B46C49E00A02ED6 /* Sources */ = {
			isa = PBXSourcesBuildPhase;
			buildActionMask = 2147483647;
			files = (
				5C2376D72B46C49E00A02ED6 /* ViewController.swift in Sources */,
				5C2376F22B47C1E300A02ED6 /* DetailView.swift in Sources */,
				5C2376EC2B47B5B200A02ED6 /* DataManager.swift in Sources */,
				5C2376D32B46C49E00A02ED6 /* AppDelegate.swift in Sources */,
				5C2376EA2B47B5A300A02ED6 /* Movie.swift in Sources */,
				5C2376D52B46C49E00A02ED6 /* SceneDelegate.swift in Sources */,
				5C2376EE2B47B5DD00A02ED6 /* MyTableViewCell.swift in Sources */,
				5C2376F02B47B5F300A02ED6 /* DetailViewController.swift in Sources */,
			);
			runOnlyForDeploymentPostprocessing = 0;
		};
/* End PBXSourcesBuildPhase section */

/* Begin PBXVariantGroup section */
		5C2376D82B46C49E00A02ED6 /* Main.storyboard */ = {
			isa = PBXVariantGroup;
			children = (
				5C2376D92B46C49E00A02ED6 /* Base */,
			);
			name = Main.storyboard;
			sourceTree = "<group>";
		};
		5C2376DD2B46C49F00A02ED6 /* LaunchScreen.storyboard */ = {
			isa = PBXVariantGroup;
			children = (
				5C2376DE2B46C49F00A02ED6 /* Base */,
			);
			name = LaunchScreen.storyboard;
			sourceTree = "<group>";
		};
/* End PBXVariantGroup section */

/* Begin XCBuildConfiguration section */
		5C2376E12B46C49F00A02ED6 /* Debug */ = {
			isa = XCBuildConfiguration;
			buildSettings = {
				ALWAYS_SEARCH_USER_PATHS = NO;
				CLANG_ANALYZER_NONNULL = YES;
				CLANG_ANALYZER_NUMBER_OBJECT_CONVERSION = YES_AGGRESSIVE;
				CLANG_CXX_LANGUAGE_STANDARD = "gnu++20";
				CLANG_ENABLE_MODULES = YES;
				CLANG_ENABLE_OBJC_ARC = YES;
				CLANG_ENABLE_OBJC_WEAK = YES;
				CLANG_WARN_BLOCK_CAPTURE_AUTORELEASING = YES;
				CLANG_WARN_BOOL_CONVERSION = YES;
				CLANG_WARN_COMMA = YES;
				CLANG_WARN_CONSTANT_CONVERSION = YES;
				CLANG_WARN_DEPRECATED_OBJC_IMPLEMENTATIONS = YES;
				CLANG_WARN_DIRECT_OBJC_ISA_USAGE = YES_ERROR;
				CLANG_WARN_DOCUMENTATION_COMMENTS = YES;
				CLANG_WARN_EMPTY_BODY = YES;
				CLANG_WARN_ENUM_CONVERSION = YES;
				CLANG_WARN_INFINITE_RECURSION = YES;
				CLANG_WARN_INT_CONVERSION = YES;
				CLANG_WARN_NON_LITERAL_NULL_CONVERSION = YES;
				CLANG_WARN_OBJC_IMPLICIT_RETAIN_SELF = YES;
				CLANG_WARN_OBJC_LITERAL_CONVERSION = YES;
				CLANG_WARN_OBJC_ROOT_CLASS = YES_ERROR;
				CLANG_WARN_QUOTED_INCLUDE_IN_FRAMEWORK_HEADER = YES;
				CLANG_WARN_RANGE_LOOP_ANALYSIS = YES;
				CLANG_WARN_STRICT_PROTOTYPES = YES;
				CLANG_WARN_SUSPICIOUS_MOVE = YES;
				CLANG_WARN_UNGUARDED_AVAILABILITY = YES_AGGRESSIVE;
				CLANG_WARN_UNREACHABLE_CODE = YES;
				CLANG_WARN__DUPLICATE_METHOD_MATCH = YES;
				COPY_PHASE_STRIP = NO;
				DEBUG_INFORMATION_FORMAT = dwarf;
				ENABLE_STRICT_OBJC_MSGSEND = YES;
				ENABLE_TESTABILITY = YES;
				GCC_C_LANGUAGE_STANDARD = gnu11;
				GCC_DYNAMIC_NO_PIC = NO;
				GCC_NO_COMMON_BLOCKS = YES;
				GCC_OPTIMIZATION_LEVEL = 0;
				GCC_PREPROCESSOR_DEFINITIONS = (
					"DEBUG=1",
					"$(inherited)",
				);
				GCC_WARN_64_TO_32_BIT_CONVERSION = YES;
				GCC_WARN_ABOUT_RETURN_TYPE = YES_ERROR;
				GCC_WARN_UNDECLARED_SELECTOR = YES;
				GCC_WARN_UNINITIALIZED_AUTOS = YES_AGGRESSIVE;
				GCC_WARN_UNUSED_FUNCTION = YES;
				GCC_WARN_UNUSED_VARIABLE = YES;
				IPHONEOS_DEPLOYMENT_TARGET = 16.4;
				MTL_ENABLE_DEBUG_INFO = INCLUDE_SOURCE;
				MTL_FAST_MATH = YES;
				ONLY_ACTIVE_ARCH = YES;
				SDKROOT = iphoneos;
				SWIFT_ACTIVE_COMPILATION_CONDITIONS = DEBUG;
				SWIFT_OPTIMIZATION_LEVEL = "-Onone";
			};
			name = Debug;
		};
		5C2376E22B46C49F00A02ED6 /* Release */ = {
			isa = XCBuildConfiguration;
			buildSettings = {
				ALWAYS_SEARCH_USER_PATHS = NO;
				CLANG_ANALYZER_NONNULL = YES;
				CLANG_ANALYZER_NUMBER_OBJECT_CONVERSION = YES_AGGRESSIVE;
				CLANG_CXX_LANGUAGE_STANDARD = "gnu++20";
				CLANG_ENABLE_MODULES = YES;
				CLANG_ENABLE_OBJC_ARC = YES;
				CLANG_ENABLE_OBJC_WEAK = YES;
				CLANG_WARN_BLOCK_CAPTURE_AUTORELEASING = YES;
				CLANG_WARN_BOOL_CONVERSION = YES;
				CLANG_WARN_COMMA = YES;
				CLANG_WARN_CONSTANT_CONVERSION = YES;
				CLANG_WARN_DEPRECATED_OBJC_IMPLEMENTATIONS = YES;
				CLANG_WARN_DIRECT_OBJC_ISA_USAGE = YES_ERROR;
				CLANG_WARN_DOCUMENTATION_COMMENTS = YES;
				CLANG_WARN_EMPTY_BODY = YES;
				CLANG_WARN_ENUM_CONVERSION = YES;
				CLANG_WARN_INFINITE_RECURSION = YES;
				CLANG_WARN_INT_CONVERSION = YES;
				CLANG_WARN_NON_LITERAL_NULL_CONVERSION = YES;
				CLANG_WARN_OBJC_IMPLICIT_RETAIN_SELF = YES;
				CLANG_WARN_OBJC_LITERAL_CONVERSION = YES;
				CLANG_WARN_OBJC_ROOT_CLASS = YES_ERROR;
				CLANG_WARN_QUOTED_INCLUDE_IN_FRAMEWORK_HEADER = YES;
				CLANG_WARN_RANGE_LOOP_ANALYSIS = YES;
				CLANG_WARN_STRICT_PROTOTYPES = YES;
				CLANG_WARN_SUSPICIOUS_MOVE = YES;
				CLANG_WARN_UNGUARDED_AVAILABILITY = YES_AGGRESSIVE;
				CLANG_WARN_UNREACHABLE_CODE = YES;
				CLANG_WARN__DUPLICATE_METHOD_MATCH = YES;
				COPY_PHASE_STRIP = NO;
				DEBUG_INFORMATION_FORMAT = "dwarf-with-dsym";
				ENABLE_NS_ASSERTIONS = NO;
				ENABLE_STRICT_OBJC_MSGSEND = YES;
				GCC_C_LANGUAGE_STANDARD = gnu11;
				GCC_NO_COMMON_BLOCKS = YES;
				GCC_WARN_64_TO_32_BIT_CONVERSION = YES;
				GCC_WARN_ABOUT_RETURN_TYPE = YES_ERROR;
				GCC_WARN_UNDECLARED_SELECTOR = YES;
				GCC_WARN_UNINITIALIZED_AUTOS = YES_AGGRESSIVE;
				GCC_WARN_UNUSED_FUNCTION = YES;
				GCC_WARN_UNUSED_VARIABLE = YES;
				IPHONEOS_DEPLOYMENT_TARGET = 16.4;
				MTL_ENABLE_DEBUG_INFO = NO;
				MTL_FAST_MATH = YES;
				SDKROOT = iphoneos;
				SWIFT_COMPILATION_MODE = wholemodule;
				SWIFT_OPTIMIZATION_LEVEL = "-O";
				VALIDATE_PRODUCT = YES;
			};
			name = Release;
		};
		5C2376E42B46C49F00A02ED6 /* Debug */ = {
			isa = XCBuildConfiguration;
			buildSettings = {
				ASSETCATALOG_COMPILER_APPICON_NAME = AppIcon;
				ASSETCATALOG_COMPILER_GLOBAL_ACCENT_COLOR_NAME = AccentColor;
				CODE_SIGN_STYLE = Automatic;
				CURRENT_PROJECT_VERSION = 1;
				GENERATE_INFOPLIST_FILE = YES;
				INFOPLIST_FILE = TableViewCode/Info.plist;
				INFOPLIST_KEY_UIApplicationSupportsIndirectInputEvents = YES;
				INFOPLIST_KEY_UILaunchStoryboardName = LaunchScreen;
				INFOPLIST_KEY_UIMainStoryboardFile = Main;
				INFOPLIST_KEY_UISupportedInterfaceOrientations_iPad = "UIInterfaceOrientationPortrait UIInterfaceOrientationPortraitUpsideDown UIInterfaceOrientationLandscapeLeft UIInterfaceOrientationLandscapeRight";
				INFOPLIST_KEY_UISupportedInterfaceOrientations_iPhone = "UIInterfaceOrientationPortrait UIInterfaceOrientationLandscapeLeft UIInterfaceOrientationLandscapeRight";
				LD_RUNPATH_SEARCH_PATHS = (
					"$(inherited)",
					"@executable_path/Frameworks",
				);
				MARKETING_VERSION = 1.0;
				PRODUCT_BUNDLE_IDENTIFIER = kr.ac.tukorea.ios.seunge.TableViewCode;
				PRODUCT_NAME = "$(TARGET_NAME)";
				SWIFT_EMIT_LOC_STRINGS = YES;
				SWIFT_VERSION = 5.0;
				TARGETED_DEVICE_FAMILY = "1,2";
			};
			name = Debug;
		};
		5C2376E52B46C49F00A02ED6 /* Release */ = {
			isa = XCBuildConfiguration;
			buildSettings = {
				ASSETCATALOG_COMPILER_APPICON_NAME = AppIcon;
				ASSETCATALOG_COMPILER_GLOBAL_ACCENT_COLOR_NAME = AccentColor;
				CODE_SIGN_STYLE = Automatic;
				CURRENT_PROJECT_VERSION = 1;
				GENERATE_INFOPLIST_FILE = YES;
				INFOPLIST_FILE = TableViewCode/Info.plist;
				INFOPLIST_KEY_UIApplicationSupportsIndirectInputEvents = YES;
				INFOPLIST_KEY_UILaunchStoryboardName = LaunchScreen;
				INFOPLIST_KEY_UIMainStoryboardFile = Main;
				INFOPLIST_KEY_UISupportedInterfaceOrientations_iPad = "UIInterfaceOrientationPortrait UIInterfaceOrientationPortraitUpsideDown UIInterfaceOrientationLandscapeLeft UIInterfaceOrientationLandscapeRight";
				INFOPLIST_KEY_UISupportedInterfaceOrientations_iPhone = "UIInterfaceOrientationPortrait UIInterfaceOrientationLandscapeLeft UIInterfaceOrientationLandscapeRight";
				LD_RUNPATH_SEARCH_PATHS = (
					"$(inherited)",
					"@executable_path/Frameworks",
				);
				MARKETING_VERSION = 1.0;
				PRODUCT_BUNDLE_IDENTIFIER = kr.ac.tukorea.ios.seunge.TableViewCode;
				PRODUCT_NAME = "$(TARGET_NAME)";
				SWIFT_EMIT_LOC_STRINGS = YES;
				SWIFT_VERSION = 5.0;
				TARGETED_DEVICE_FAMILY = "1,2";
			};
			name = Release;
		};
/* End XCBuildConfiguration section */

/* Begin XCConfigurationList section */
		5C2376CA2B46C49E00A02ED6 /* Build configuration list for PBXProject "TableViewCode" */ = {
			isa = XCConfigurationList;
			buildConfigurations = (
				5C2376E12B46C49F00A02ED6 /* Debug */,
				5C2376E22B46C49F00A02ED6 /* Release */,
			);
			defaultConfigurationIsVisible = 0;
			defaultConfigurationName = Release;
		};
		5C2376E32B46C49F00A02ED6 /* Build configuration list for PBXNativeTarget "TableViewCode" */ = {
			isa = XCConfigurationList;
			buildConfigurations = (
				5C2376E42B46C49F00A02ED6 /* Debug */,
				5C2376E52B46C49F00A02ED6 /* Release */,
			);
			defaultConfigurationIsVisible = 0;
			defaultConfigurationName = Release;
		};
/* End XCConfigurationList section */
	};
	rootObject = 5C2376C72B46C49E00A02ED6 /* Project object */;
}
