// !$*UTF8*$!
{
	archiveVersion = 1;
	classes = {
	};
	objectVersion = 56;
	objects = {

/* Begin PBXBuildFile section */
		5C97E39F2B39C9F600164EE3 /* AppDelegate.swift in Sources */ = {isa = PBXBuildFile; fileRef = 5C97E39E2B39C9F600164EE3 /* AppDelegate.swift */; };
		5C97E3A12B39C9F600164EE3 /* SceneDelegate.swift in Sources */ = {isa = PBXBuildFile; fileRef = 5C97E3A02B39C9F600164EE3 /* SceneDelegate.swift */; };
		5C97E3A32B39C9F600164EE3 /* ViewController.swift in Sources */ = {isa = PBXBuildFile; fileRef = 5C97E3A22B39C9F600164EE3 /* ViewController.swift */; };
		5C97E3A62B39C9F600164EE3 /* Main.storyboard in Resources */ = {isa = PBXBuildFile; fileRef = 5C97E3A42B39C9F600164EE3 /* Main.storyboard */; };
		5C97E3A82B39C9F700164EE3 /* Assets.xcassets in Resources */ = {isa = PBXBuildFile; fileRef = 5C97E3A72B39C9F700164EE3 /* Assets.xcassets */; };
		5C97E3AB2B39C9F700164EE3 /* LaunchScreen.storyboard in Resources */ = {isa = PBXBuildFile; fileRef = 5C97E3A92B39C9F700164EE3 /* LaunchScreen.storyboard */; };
		5C97E3B32B39CA0C00164EE3 /* FirstViewController.swift in Sources */ = {isa = PBXBuildFile; fileRef = 5C97E3B22B39CA0C00164EE3 /* FirstViewController.swift */; };
		5C97E3B52B39CA1400164EE3 /* SecondViewController.swift in Sources */ = {isa = PBXBuildFile; fileRef = 5C97E3B42B39CA1400164EE3 /* SecondViewController.swift */; };
		5C97E3B72B39CA1D00164EE3 /* ThirdViewController.swift in Sources */ = {isa = PBXBuildFile; fileRef = 5C97E3B62B39CA1D00164EE3 /* ThirdViewController.swift */; };
		5C97E3B92B39CA2800164EE3 /* FourthViewController.swift in Sources */ = {isa = PBXBuildFile; fileRef = 5C97E3B82B39CA2800164EE3 /* FourthViewController.swift */; };
		5C97E3BB2B39CA3B00164EE3 /* FifthViewController.swift in Sources */ = {isa = PBXBuildFile; fileRef = 5C97E3BA2B39CA3B00164EE3 /* FifthViewController.swift */; };
/* End PBXBuildFile section */

/* Begin PBXFileReference section */
		5C97E39B2B39C9F600164EE3 /* N&TProjectCode.app */ = {isa = PBXFileReference; explicitFileType = wrapper.application; includeInIndex = 0; path = "N&TProjectCode.app"; sourceTree = BUILT_PRODUCTS_DIR; };
		5C97E39E2B39C9F600164EE3 /* AppDelegate.swift */ = {isa = PBXFileReference; lastKnownFileType = sourcecode.swift; path = AppDelegate.swift; sourceTree = "<group>"; };
		5C97E3A02B39C9F600164EE3 /* SceneDelegate.swift */ = {isa = PBXFileReference; lastKnownFileType = sourcecode.swift; path = SceneDelegate.swift; sourceTree = "<group>"; };
		5C97E3A22B39C9F600164EE3 /* ViewController.swift */ = {isa = PBXFileReference; lastKnownFileType = sourcecode.swift; path = ViewController.swift; sourceTree = "<group>"; };
		5C97E3A52B39C9F600164EE3 /* Base */ = {isa = PBXFileReference; lastKnownFileType = file.storyboard; name = Base; path = Base.lproj/Main.storyboard; sourceTree = "<group>"; };
		5C97E3A72B39C9F700164EE3 /* Assets.xcassets */ = {isa = PBXFileReference; lastKnownFileType = folder.assetcatalog; path = Assets.xcassets; sourceTree = "<group>"; };
		5C97E3AA2B39C9F700164EE3 /* Base */ = {isa = PBXFileReference; lastKnownFileType = file.storyboard; name = Base; path = Base.lproj/LaunchScreen.storyboard; sourceTree = "<group>"; };
		5C97E3AC2B39C9F700164EE3 /* Info.plist */ = {isa = PBXFileReference; lastKnownFileType = text.plist.xml; path = Info.plist; sourceTree = "<group>"; };
		5C97E3B22B39CA0C00164EE3 /* FirstViewController.swift */ = {isa = PBXFileReference; lastKnownFileType = sourcecode.swift; path = FirstViewController.swift; sourceTree = "<group>"; };
		5C97E3B42B39CA1400164EE3 /* SecondViewController.swift */ = {isa = PBXFileReference; lastKnownFileType = sourcecode.swift; path = SecondViewController.swift; sourceTree = "<group>"; };
		5C97E3B62B39CA1D00164EE3 /* ThirdViewController.swift */ = {isa = PBXFileReference; lastKnownFileType = sourcecode.swift; path = ThirdViewController.swift; sourceTree = "<group>"; };
		5C97E3B82B39CA2800164EE3 /* FourthViewController.swift */ = {isa = PBXFileReference; lastKnownFileType = sourcecode.swift; path = FourthViewController.swift; sourceTree = "<group>"; };
		5C97E3BA2B39CA3B00164EE3 /* FifthViewController.swift */ = {isa = PBXFileReference; lastKnownFileType = sourcecode.swift; path = FifthViewController.swift; sourceTree = "<group>"; };
/* End PBXFileReference section */

/* Begin PBXFrameworksBuildPhase section */
		5C97E3982B39C9F600164EE3 /* Frameworks */ = {
			isa = PBXFrameworksBuildPhase;
			buildActionMask = 2147483647;
			files = (
			);
			runOnlyForDeploymentPostprocessing = 0;
		};
/* End PBXFrameworksBuildPhase section */

/* Begin PBXGroup section */
		5C97E3922B39C9F600164EE3 = {
			isa = PBXGroup;
			children = (
				5C97E39D2B39C9F600164EE3 /* N&TProjectCode */,
				5C97E39C2B39C9F600164EE3 /* Products */,
			);
			sourceTree = "<group>";
		};
		5C97E39C2B39C9F600164EE3 /* Products */ = {
			isa = PBXGroup;
			children = (
				5C97E39B2B39C9F600164EE3 /* N&TProjectCode.app */,
			);
			name = Products;
			sourceTree = "<group>";
		};
		5C97E39D2B39C9F600164EE3 /* N&TProjectCode */ = {
			isa = PBXGroup;
			children = (
				5C97E39E2B39C9F600164EE3 /* AppDelegate.swift */,
				5C97E3A02B39C9F600164EE3 /* SceneDelegate.swift */,
				5C97E3A22B39C9F600164EE3 /* ViewController.swift */,
				5C97E3B22B39CA0C00164EE3 /* FirstViewController.swift */,
				5C97E3B42B39CA1400164EE3 /* SecondViewController.swift */,
				5C97E3B62B39CA1D00164EE3 /* ThirdViewController.swift */,
				5C97E3B82B39CA2800164EE3 /* FourthViewController.swift */,
				5C97E3BA2B39CA3B00164EE3 /* FifthViewController.swift */,
				5C97E3A42B39C9F600164EE3 /* Main.storyboard */,
				5C97E3A72B39C9F700164EE3 /* Assets.xcassets */,
				5C97E3A92B39C9F700164EE3 /* LaunchScreen.storyboard */,
				5C97E3AC2B39C9F700164EE3 /* Info.plist */,
			);
			path = "N&TProjectCode";
			sourceTree = "<group>";
		};
/* End PBXGroup section */

/* Begin PBXNativeTarget section */
		5C97E39A2B39C9F600164EE3 /* N&TProjectCode */ = {
			isa = PBXNativeTarget;
			buildConfigurationList = 5C97E3AF2B39C9F700164EE3 /* Build configuration list for PBXNativeTarget "N&TProjectCode" */;
			buildPhases = (
				5C97E3972B39C9F600164EE3 /* Sources */,
				5C97E3982B39C9F600164EE3 /* Frameworks */,
				5C97E3992B39C9F600164EE3 /* Resources */,
			);
			buildRules = (
			);
			dependencies = (
			);
			name = "N&TProjectCode";
			productName = "N&TProjectCode";
			productReference = 5C97E39B2B39C9F600164EE3 /* N&TProjectCode.app */;
			productType = "com.apple.product-type.application";
		};
/* End PBXNativeTarget section */

/* Begin PBXProject section */
		5C97E3932B39C9F600164EE3 /* Project object */ = {
			isa = PBXProject;
			attributes = {
				BuildIndependentTargetsInParallel = 1;
				LastSwiftUpdateCheck = 1430;
				LastUpgradeCheck = 1430;
				TargetAttributes = {
					5C97E39A2B39C9F600164EE3 = {
						CreatedOnToolsVersion = 14.3.1;
					};
				};
			};
			buildConfigurationList = 5C97E3962B39C9F600164EE3 /* Build configuration list for PBXProject "N&TProjectCode" */;
			compatibilityVersion = "Xcode 14.0";
			developmentRegion = en;
			hasScannedForEncodings = 0;
			knownRegions = (
				en,
				Base,
			);
			mainGroup = 5C97E3922B39C9F600164EE3;
			productRefGroup = 5C97E39C2B39C9F600164EE3 /* Products */;
			projectDirPath = "";
			projectRoot = "";
			targets = (
				5C97E39A2B39C9F600164EE3 /* N&TProjectCode */,
			);
		};
/* End PBXProject section */

/* Begin PBXResourcesBuildPhase section */
		5C97E3992B39C9F600164EE3 /* Resources */ = {
			isa = PBXResourcesBuildPhase;
			buildActionMask = 2147483647;
			files = (
				5C97E3AB2B39C9F700164EE3 /* LaunchScreen.storyboard in Resources */,
				5C97E3A82B39C9F700164EE3 /* Assets.xcassets in Resources */,
				5C97E3A62B39C9F600164EE3 /* Main.storyboard in Resources */,
			);
			runOnlyForDeploymentPostprocessing = 0;
		};
/* End PBXResourcesBuildPhase section */

/* Begin PBXSourcesBuildPhase section */
		5C97E3972B39C9F600164EE3 /* Sources */ = {
			isa = PBXSourcesBuildPhase;
			buildActionMask = 2147483647;
			files = (
				5C97E3A32B39C9F600164EE3 /* ViewController.swift in Sources */,
				5C97E39F2B39C9F600164EE3 /* AppDelegate.swift in Sources */,
				5C97E3A12B39C9F600164EE3 /* SceneDelegate.swift in Sources */,
				5C97E3B92B39CA2800164EE3 /* FourthViewController.swift in Sources */,
				5C97E3BB2B39CA3B00164EE3 /* FifthViewController.swift in Sources */,
				5C97E3B52B39CA1400164EE3 /* SecondViewController.swift in Sources */,
				5C97E3B72B39CA1D00164EE3 /* ThirdViewController.swift in Sources */,
				5C97E3B32B39CA0C00164EE3 /* FirstViewController.swift in Sources */,
			);
			runOnlyForDeploymentPostprocessing = 0;
		};
/* End PBXSourcesBuildPhase section */

/* Begin PBXVariantGroup section */
		5C97E3A42B39C9F600164EE3 /* Main.storyboard */ = {
			isa = PBXVariantGroup;
			children = (
				5C97E3A52B39C9F600164EE3 /* Base */,
			);
			name = Main.storyboard;
			sourceTree = "<group>";
		};
		5C97E3A92B39C9F700164EE3 /* LaunchScreen.storyboard */ = {
			isa = PBXVariantGroup;
			children = (
				5C97E3AA2B39C9F700164EE3 /* Base */,
			);
			name = LaunchScreen.storyboard;
			sourceTree = "<group>";
		};
/* End PBXVariantGroup section */

/* Begin XCBuildConfiguration section */
		5C97E3AD2B39C9F700164EE3 /* Debug */ = {
			isa = XCBuildConfiguration;
			buildSettings = {
				ALWAYS_SEARCH_USER_PATHS = NO;
				CLANG_ANALYZER_NONNULL = YES;
				CLANG_ANALYZER_NUMBER_OBJECT_CONVERSION = YES_AGGRESSIVE;
				CLANG_CXX_LANGUAGE_STANDARD = "gnu++20";
				CLANG_ENABLE_MODULES = YES;
				CLANG_ENABLE_OBJC_ARC = YES;
				CLANG_ENABLE_OBJC_WEAK = YES;
				CLANG_WARN_BLOCK_CAPTURE_AUTORELEASING = YES;
				CLANG_WARN_BOOL_CONVERSION = YES;
				CLANG_WARN_COMMA = YES;
				CLANG_WARN_CONSTANT_CONVERSION = YES;
				CLANG_WARN_DEPRECATED_OBJC_IMPLEMENTATIONS = YES;
				CLANG_WARN_DIRECT_OBJC_ISA_USAGE = YES_ERROR;
				CLANG_WARN_DOCUMENTATION_COMMENTS = YES;
				CLANG_WARN_EMPTY_BODY = YES;
				CLANG_WARN_ENUM_CONVERSION = YES;
				CLANG_WARN_INFINITE_RECURSION = YES;
				CLANG_WARN_INT_CONVERSION = YES;
				CLANG_WARN_NON_LITERAL_NULL_CONVERSION = YES;
				CLANG_WARN_OBJC_IMPLICIT_RETAIN_SELF = YES;
				CLANG_WARN_OBJC_LITERAL_CONVERSION = YES;
				CLANG_WARN_OBJC_ROOT_CLASS = YES_ERROR;
				CLANG_WARN_QUOTED_INCLUDE_IN_FRAMEWORK_HEADER = YES;
				CLANG_WARN_RANGE_LOOP_ANALYSIS = YES;
				CLANG_WARN_STRICT_PROTOTYPES = YES;
				CLANG_WARN_SUSPICIOUS_MOVE = YES;
				CLANG_WARN_UNGUARDED_AVAILABILITY = YES_AGGRESSIVE;
				CLANG_WARN_UNREACHABLE_CODE = YES;
				CLANG_WARN__DUPLICATE_METHOD_MATCH = YES;
				COPY_PHASE_STRIP = NO;
				DEBUG_INFORMATION_FORMAT = dwarf;
				ENABLE_STRICT_OBJC_MSGSEND = YES;
				ENABLE_TESTABILITY = YES;
				GCC_C_LANGUAGE_STANDARD = gnu11;
				GCC_DYNAMIC_NO_PIC = NO;
				GCC_NO_COMMON_BLOCKS = YES;
				GCC_OPTIMIZATION_LEVEL = 0;
				GCC_PREPROCESSOR_DEFINITIONS = (
					"DEBUG=1",
					"$(inherited)",
				);
				GCC_WARN_64_TO_32_BIT_CONVERSION = YES;
				GCC_WARN_ABOUT_RETURN_TYPE = YES_ERROR;
				GCC_WARN_UNDECLARED_SELECTOR = YES;
				GCC_WARN_UNINITIALIZED_AUTOS = YES_AGGRESSIVE;
				GCC_WARN_UNUSED_FUNCTION = YES;
				GCC_WARN_UNUSED_VARIABLE = YES;
				IPHONEOS_DEPLOYMENT_TARGET = 16.4;
				MTL_ENABLE_DEBUG_INFO = INCLUDE_SOURCE;
				MTL_FAST_MATH = YES;
				ONLY_ACTIVE_ARCH = YES;
				SDKROOT = iphoneos;
				SWIFT_ACTIVE_COMPILATION_CONDITIONS = DEBUG;
				SWIFT_OPTIMIZATION_LEVEL = "-Onone";
			};
			name = Debug;
		};
		5C97E3AE2B39C9F700164EE3 /* Release */ = {
			isa = XCBuildConfiguration;
			buildSettings = {
				ALWAYS_SEARCH_USER_PATHS = NO;
				CLANG_ANALYZER_NONNULL = YES;
				CLANG_ANALYZER_NUMBER_OBJECT_CONVERSION = YES_AGGRESSIVE;
				CLANG_CXX_LANGUAGE_STANDARD = "gnu++20";
				CLANG_ENABLE_MODULES = YES;
				CLANG_ENABLE_OBJC_ARC = YES;
				CLANG_ENABLE_OBJC_WEAK = YES;
				CLANG_WARN_BLOCK_CAPTURE_AUTORELEASING = YES;
				CLANG_WARN_BOOL_CONVERSION = YES;
				CLANG_WARN_COMMA = YES;
				CLANG_WARN_CONSTANT_CONVERSION = YES;
				CLANG_WARN_DEPRECATED_OBJC_IMPLEMENTATIONS = YES;
				CLANG_WARN_DIRECT_OBJC_ISA_USAGE = YES_ERROR;
				CLANG_WARN_DOCUMENTATION_COMMENTS = YES;
				CLANG_WARN_EMPTY_BODY = YES;
				CLANG_WARN_ENUM_CONVERSION = YES;
				CLANG_WARN_INFINITE_RECURSION = YES;
				CLANG_WARN_INT_CONVERSION = YES;
				CLANG_WARN_NON_LITERAL_NULL_CONVERSION = YES;
				CLANG_WARN_OBJC_IMPLICIT_RETAIN_SELF = YES;
				CLANG_WARN_OBJC_LITERAL_CONVERSION = YES;
				CLANG_WARN_OBJC_ROOT_CLASS = YES_ERROR;
				CLANG_WARN_QUOTED_INCLUDE_IN_FRAMEWORK_HEADER = YES;
				CLANG_WARN_RANGE_LOOP_ANALYSIS = YES;
				CLANG_WARN_STRICT_PROTOTYPES = YES;
				CLANG_WARN_SUSPICIOUS_MOVE = YES;
				CLANG_WARN_UNGUARDED_AVAILABILITY = YES_AGGRESSIVE;
				CLANG_WARN_UNREACHABLE_CODE = YES;
				CLANG_WARN__DUPLICATE_METHOD_MATCH = YES;
				COPY_PHASE_STRIP = NO;
				DEBUG_INFORMATION_FORMAT = "dwarf-with-dsym";
				ENABLE_NS_ASSERTIONS = NO;
				ENABLE_STRICT_OBJC_MSGSEND = YES;
				GCC_C_LANGUAGE_STANDARD = gnu11;
				GCC_NO_COMMON_BLOCKS = YES;
				GCC_WARN_64_TO_32_BIT_CONVERSION = YES;
				GCC_WARN_ABOUT_RETURN_TYPE = YES_ERROR;
				GCC_WARN_UNDECLARED_SELECTOR = YES;
				GCC_WARN_UNINITIALIZED_AUTOS = YES_AGGRESSIVE;
				GCC_WARN_UNUSED_FUNCTION = YES;
				GCC_WARN_UNUSED_VARIABLE = YES;
				IPHONEOS_DEPLOYMENT_TARGET = 16.4;
				MTL_ENABLE_DEBUG_INFO = NO;
				MTL_FAST_MATH = YES;
				SDKROOT = iphoneos;
				SWIFT_COMPILATION_MODE = wholemodule;
				SWIFT_OPTIMIZATION_LEVEL = "-O";
				VALIDATE_PRODUCT = YES;
			};
			name = Release;
		};
		5C97E3B02B39C9F700164EE3 /* Debug */ = {
			isa = XCBuildConfiguration;
			buildSettings = {
				ASSETCATALOG_COMPILER_APPICON_NAME = AppIcon;
				ASSETCATALOG_COMPILER_GLOBAL_ACCENT_COLOR_NAME = AccentColor;
				CODE_SIGN_STYLE = Automatic;
				CURRENT_PROJECT_VERSION = 1;
				GENERATE_INFOPLIST_FILE = YES;
				INFOPLIST_FILE = "N&TProjectCode/Info.plist";
				INFOPLIST_KEY_UIApplicationSupportsIndirectInputEvents = YES;
				INFOPLIST_KEY_UILaunchStoryboardName = LaunchScreen;
				INFOPLIST_KEY_UIMainStoryboardFile = Main;
				INFOPLIST_KEY_UISupportedInterfaceOrientations_iPad = "UIInterfaceOrientationPortrait UIInterfaceOrientationPortraitUpsideDown UIInterfaceOrientationLandscapeLeft UIInterfaceOrientationLandscapeRight";
				INFOPLIST_KEY_UISupportedInterfaceOrientations_iPhone = "UIInterfaceOrientationPortrait UIInterfaceOrientationLandscapeLeft UIInterfaceOrientationLandscapeRight";
				LD_RUNPATH_SEARCH_PATHS = (
					"$(inherited)",
					"@executable_path/Frameworks",
				);
				MARKETING_VERSION = 1.0;
				PRODUCT_BUNDLE_IDENTIFIER = "kr.ac.tukorea.ios.seunge.N-TProjectCode";
				PRODUCT_NAME = "$(TARGET_NAME)";
				SWIFT_EMIT_LOC_STRINGS = YES;
				SWIFT_VERSION = 5.0;
				TARGETED_DEVICE_FAMILY = "1,2";
			};
			name = Debug;
		};
		5C97E3B12B39C9F700164EE3 /* Release */ = {
			isa = XCBuildConfiguration;
			buildSettings = {
				ASSETCATALOG_COMPILER_APPICON_NAME = AppIcon;
				ASSETCATALOG_COMPILER_GLOBAL_ACCENT_COLOR_NAME = AccentColor;
				CODE_SIGN_STYLE = Automatic;
				CURRENT_PROJECT_VERSION = 1;
				GENERATE_INFOPLIST_FILE = YES;
				INFOPLIST_FILE = "N&TProjectCode/Info.plist";
				INFOPLIST_KEY_UIApplicationSupportsIndirectInputEvents = YES;
				INFOPLIST_KEY_UILaunchStoryboardName = LaunchScreen;
				INFOPLIST_KEY_UIMainStoryboardFile = Main;
				INFOPLIST_KEY_UISupportedInterfaceOrientations_iPad = "UIInterfaceOrientationPortrait UIInterfaceOrientationPortraitUpsideDown UIInterfaceOrientationLandscapeLeft UIInterfaceOrientationLandscapeRight";
				INFOPLIST_KEY_UISupportedInterfaceOrientations_iPhone = "UIInterfaceOrientationPortrait UIInterfaceOrientationLandscapeLeft UIInterfaceOrientationLandscapeRight";
				LD_RUNPATH_SEARCH_PATHS = (
					"$(inherited)",
					"@executable_path/Frameworks",
				);
				MARKETING_VERSION = 1.0;
				PRODUCT_BUNDLE_IDENTIFIER = "kr.ac.tukorea.ios.seunge.N-TProjectCode";
				PRODUCT_NAME = "$(TARGET_NAME)";
				SWIFT_EMIT_LOC_STRINGS = YES;
				SWIFT_VERSION = 5.0;
				TARGETED_DEVICE_FAMILY = "1,2";
			};
			name = Release;
		};
/* End XCBuildConfiguration section */

/* Begin XCConfigurationList section */
		5C97E3962B39C9F600164EE3 /* Build configuration list for PBXProject "N&TProjectCode" */ = {
			isa = XCConfigurationList;
			buildConfigurations = (
				5C97E3AD2B39C9F700164EE3 /* Debug */,
				5C97E3AE2B39C9F700164EE3 /* Release */,
			);
			defaultConfigurationIsVisible = 0;
			defaultConfigurationName = Release;
		};
		5C97E3AF2B39C9F700164EE3 /* Build configuration list for PBXNativeTarget "N&TProjectCode" */ = {
			isa = XCConfigurationList;
			buildConfigurations = (
				5C97E3B02B39C9F700164EE3 /* Debug */,
				5C97E3B12B39C9F700164EE3 /* Release */,
			);
			defaultConfigurationIsVisible = 0;
			defaultConfigurationName = Release;
		};
/* End XCConfigurationList section */
	};
	rootObject = 5C97E3932B39C9F600164EE3 /* Project object */;
}
